PODS:
  - mopub-ios-sdk (5.8.0):
    - mopub-ios-sdk/MoPubSDK (= 5.8.0)
  - mopub-ios-sdk/Avid (5.8.0):
    - mopub-ios-sdk/Core
  - mopub-ios-sdk/Core (5.8.0)
  - mopub-ios-sdk/Moat (5.8.0):
    - mopub-ios-sdk/Core
  - mopub-ios-sdk/MoPubSDK (5.8.0):
    - mopub-ios-sdk/Avid
    - mopub-ios-sdk/Core
    - mopub-ios-sdk/Moat
  - OCMock (3.4.3)

DEPENDENCIES:
  - mopub-ios-sdk
  - OCMock (~> 3.4.3)

SPEC REPOS:
  https://github.com/cocoapods/specs.git:
    - mopub-ios-sdk
    - OCMock

SPEC CHECKSUMS:
  mopub-ios-sdk: b63e15803e70b92d0b51c3e1c49bbcd78cd3d1d5
  OCMock: 43565190abc78977ad44a61c0d20d7f0784d35ab

PODFILE CHECKSUM: 888be2d6b5e0acfb3a0c7261c021e28d28f30acc

COCOAPODS: 1.7.5
