// !$*UTF8*$!
{
	archiveVersion = 1;
	classes = {
	};
	objectVersion = 50;
	objects = {

/* Begin PBXBuildFile section */
		174087F82C298114175BCBB5 /* libPods-CriteoGoogleAdapter.a in Frameworks */ = {isa = PBXBuildFile; fileRef = 26D9C65D4FFAA50128EE5DB4 /* libPods-CriteoGoogleAdapter.a */; };
		467CC31B24F818FD000021D1 /* CriteoPublisherSdk.framework in Frameworks */ = {isa = PBXBuildFile; fileRef = CF6AE25D24CEB22F00E00CDA /* CriteoPublisherSdk.framework */; };
		A36837911ADA01CEDFA729A9 /* libPods-CriteoGoogleAdapterTests.a in Frameworks */ = {isa = PBXBuildFile; fileRef = BF43AF45DE0BEECB9A9247A6 /* libPods-CriteoGoogleAdapterTests.a */; };
		A82B5779291CE380001BCEAB /* CRBannerCustomEvent.h in Headers */ = {isa = PBXBuildFile; fileRef = A82B5778291CE380001BCEAB /* CRBannerCustomEvent.h */; };
		A82B577C291CE3C5001BCEAB /* CRBannerCustomEvent.m in Sources */ = {isa = PBXBuildFile; fileRef = A82B577B291CE3C5001BCEAB /* CRBannerCustomEvent.m */; };
		A82B5780291CE411001BCEAB /* GoogleMediationParameters.h in Headers */ = {isa = PBXBuildFile; fileRef = A82B577E291CE411001BCEAB /* GoogleMediationParameters.h */; };
		A82B5781291CE411001BCEAB /* GoogleMediationParameters.m in Sources */ = {isa = PBXBuildFile; fileRef = A82B577F291CE411001BCEAB /* GoogleMediationParameters.m */; };
		A82B5785291CE476001BCEAB /* CRInterstitialCustomEvent.h in Headers */ = {isa = PBXBuildFile; fileRef = A82B5783291CE476001BCEAB /* CRInterstitialCustomEvent.h */; };
		A82B5786291CE476001BCEAB /* CRInterstitialCustomEvent.m in Sources */ = {isa = PBXBuildFile; fileRef = A82B5784291CE476001BCEAB /* CRInterstitialCustomEvent.m */; };
		A82B5788291CE4E1001BCEAB /* CRBannerCustomEventTests.m in Sources */ = {isa = PBXBuildFile; fileRef = A82B5787291CE4E1001BCEAB /* CRBannerCustomEventTests.m */; };
		A8D784722913C63C007631A8 /* GADVersionNumberExtension.swift in Sources */ = {isa = PBXBuildFile; fileRef = A8D784712913C63C007631A8 /* GADVersionNumberExtension.swift */; };
		C07ABB57E4BA18C3A8A35B47 /* CR_AdMobIntegrationRegistryTests.m in Sources */ = {isa = PBXBuildFile; fileRef = C07AB1B8BF317626BD709C00 /* CR_AdMobIntegrationRegistryTests.m */; };
		CF6AE25E24CEB22F00E00CDA /* CriteoPublisherSdk.framework in Frameworks */ = {isa = PBXBuildFile; fileRef = CF6AE25D24CEB22F00E00CDA /* CriteoPublisherSdk.framework */; };
		DF4356B12304E7B30051AC45 /* CriteoGoogleAdapter.framework in Frameworks */ = {isa = PBXBuildFile; fileRef = 54FC7DA022F4136100202164 /* CriteoGoogleAdapter.framework */; };
		E355111328D8693100A2C07D /* CRMediationAdapter.swift in Sources */ = {isa = PBXBuildFile; fileRef = E355111228D8693100A2C07D /* CRMediationAdapter.swift */; };
		E355111428D8693100A2C07D /* CRMediationAdapter.swift in Sources */ = {isa = PBXBuildFile; fileRef = E355111228D8693100A2C07D /* CRMediationAdapter.swift */; };
		E355111928D9BCEA00A2C07D /* CRInterstitialAdUnitExtension.swift in Sources */ = {isa = PBXBuildFile; fileRef = E355111828D9BCEA00A2C07D /* CRInterstitialAdUnitExtension.swift */; };
		E355111A28D9BCEA00A2C07D /* CRInterstitialAdUnitExtension.swift in Sources */ = {isa = PBXBuildFile; fileRef = E355111828D9BCEA00A2C07D /* CRInterstitialAdUnitExtension.swift */; };
		E3631C1F290BCBA30073A97C /* CRBannerAdUnitExtension.swift in Sources */ = {isa = PBXBuildFile; fileRef = E3631C1E290BCBA30073A97C /* CRBannerAdUnitExtension.swift */; };
		E3631C20290BCBA30073A97C /* CRBannerAdUnitExtension.swift in Sources */ = {isa = PBXBuildFile; fileRef = E3631C1E290BCBA30073A97C /* CRBannerAdUnitExtension.swift */; };
		E3631C22290C04780073A97C /* CRBannerViewExtension.swift in Sources */ = {isa = PBXBuildFile; fileRef = E3631C21290C04780073A97C /* CRBannerViewExtension.swift */; };
		E3631C23290C04780073A97C /* CRBannerViewExtension.swift in Sources */ = {isa = PBXBuildFile; fileRef = E3631C21290C04780073A97C /* CRBannerViewExtension.swift */; };
		E3631C25290C051A0073A97C /* CRInterstitialExtension.swift in Sources */ = {isa = PBXBuildFile; fileRef = E3631C24290C051A0073A97C /* CRInterstitialExtension.swift */; };
		E3631C26290C051A0073A97C /* CRInterstitialExtension.swift in Sources */ = {isa = PBXBuildFile; fileRef = E3631C24290C051A0073A97C /* CRInterstitialExtension.swift */; };
/* End PBXBuildFile section */

/* Begin PBXContainerItemProxy section */
		541ABDC722F4AA3200485B53 /* PBXContainerItemProxy */ = {
			isa = PBXContainerItemProxy;
			containerPortal = 54FC7D9722F4136100202164 /* Project object */;
			proxyType = 1;
			remoteGlobalIDString = 54FC7D9F22F4136100202164;
			remoteInfo = CriteoGoogleAdapter;
		};
/* End PBXContainerItemProxy section */

/* Begin PBXFileReference section */
		070A3881D330CC1D58923631 /* Pods-CriteoGoogleAdapter.release.xcconfig */ = {isa = PBXFileReference; includeInIndex = 1; lastKnownFileType = text.xcconfig; name = "Pods-CriteoGoogleAdapter.release.xcconfig"; path = "Target Support Files/Pods-CriteoGoogleAdapter/Pods-CriteoGoogleAdapter.release.xcconfig"; sourceTree = "<group>"; };
		08A4B8154184ED488B3A6FF9 /* Pods-CriteoGoogleAdapter.debug.xcconfig */ = {isa = PBXFileReference; includeInIndex = 1; lastKnownFileType = text.xcconfig; name = "Pods-CriteoGoogleAdapter.debug.xcconfig"; path = "Target Support Files/Pods-CriteoGoogleAdapter/Pods-CriteoGoogleAdapter.debug.xcconfig"; sourceTree = "<group>"; };
		17D99DE9CD54BBC14D6A4D45 /* Pods-CriteoGoogleAdapterTests.debug.xcconfig */ = {isa = PBXFileReference; includeInIndex = 1; lastKnownFileType = text.xcconfig; name = "Pods-CriteoGoogleAdapterTests.debug.xcconfig"; path = "Target Support Files/Pods-CriteoGoogleAdapterTests/Pods-CriteoGoogleAdapterTests.debug.xcconfig"; sourceTree = "<group>"; };
		26D9C65D4FFAA50128EE5DB4 /* libPods-CriteoGoogleAdapter.a */ = {isa = PBXFileReference; explicitFileType = archive.ar; includeInIndex = 0; path = "libPods-CriteoGoogleAdapter.a"; sourceTree = BUILT_PRODUCTS_DIR; };
		54FC7DA022F4136100202164 /* CriteoGoogleAdapter.framework */ = {isa = PBXFileReference; explicitFileType = wrapper.framework; includeInIndex = 0; path = CriteoGoogleAdapter.framework; sourceTree = BUILT_PRODUCTS_DIR; };
		54FC7DA422F4136100202164 /* Info.plist */ = {isa = PBXFileReference; lastKnownFileType = text.plist.xml; path = Info.plist; sourceTree = "<group>"; };
		54FC7DA922F4136100202164 /* CriteoGoogleAdapterTests.xctest */ = {isa = PBXFileReference; explicitFileType = wrapper.cfbundle; includeInIndex = 0; path = CriteoGoogleAdapterTests.xctest; sourceTree = BUILT_PRODUCTS_DIR; };
		54FC7DB022F4136100202164 /* Info.plist */ = {isa = PBXFileReference; lastKnownFileType = text.plist.xml; path = Info.plist; sourceTree = "<group>"; };
		A82B5778291CE380001BCEAB /* CRBannerCustomEvent.h */ = {isa = PBXFileReference; lastKnownFileType = sourcecode.c.h; path = CRBannerCustomEvent.h; sourceTree = "<group>"; };
		A82B577B291CE3C5001BCEAB /* CRBannerCustomEvent.m */ = {isa = PBXFileReference; lastKnownFileType = sourcecode.c.objc; path = CRBannerCustomEvent.m; sourceTree = "<group>"; };
		A82B577E291CE411001BCEAB /* GoogleMediationParameters.h */ = {isa = PBXFileReference; lastKnownFileType = sourcecode.c.h; path = GoogleMediationParameters.h; sourceTree = "<group>"; };
		A82B577F291CE411001BCEAB /* GoogleMediationParameters.m */ = {isa = PBXFileReference; lastKnownFileType = sourcecode.c.objc; path = GoogleMediationParameters.m; sourceTree = "<group>"; };
		A82B5783291CE476001BCEAB /* CRInterstitialCustomEvent.h */ = {isa = PBXFileReference; lastKnownFileType = sourcecode.c.h; path = CRInterstitialCustomEvent.h; sourceTree = "<group>"; };
		A82B5784291CE476001BCEAB /* CRInterstitialCustomEvent.m */ = {isa = PBXFileReference; lastKnownFileType = sourcecode.c.objc; path = CRInterstitialCustomEvent.m; sourceTree = "<group>"; };
		A82B5787291CE4E1001BCEAB /* CRBannerCustomEventTests.m */ = {isa = PBXFileReference; lastKnownFileType = sourcecode.c.objc; path = CRBannerCustomEventTests.m; sourceTree = "<group>"; };
		A8D784712913C63C007631A8 /* GADVersionNumberExtension.swift */ = {isa = PBXFileReference; lastKnownFileType = sourcecode.swift; path = GADVersionNumberExtension.swift; sourceTree = "<group>"; };
		BF43AF45DE0BEECB9A9247A6 /* libPods-CriteoGoogleAdapterTests.a */ = {isa = PBXFileReference; explicitFileType = archive.ar; includeInIndex = 0; path = "libPods-CriteoGoogleAdapterTests.a"; sourceTree = BUILT_PRODUCTS_DIR; };
		C07AB1B8BF317626BD709C00 /* CR_AdMobIntegrationRegistryTests.m */ = {isa = PBXFileReference; fileEncoding = 4; lastKnownFileType = sourcecode.c.objc; path = CR_AdMobIntegrationRegistryTests.m; sourceTree = "<group>"; };
		CF6AE25D24CEB22F00E00CDA /* CriteoPublisherSdk.framework */ = {isa = PBXFileReference; explicitFileType = wrapper.framework; path = CriteoPublisherSdk.framework; sourceTree = BUILT_PRODUCTS_DIR; };
		D6D6F0BAD5AE72930DD2A529 /* Pods-CriteoGoogleAdapterTests.release.xcconfig */ = {isa = PBXFileReference; includeInIndex = 1; lastKnownFileType = text.xcconfig; name = "Pods-CriteoGoogleAdapterTests.release.xcconfig"; path = "Target Support Files/Pods-CriteoGoogleAdapterTests/Pods-CriteoGoogleAdapterTests.release.xcconfig"; sourceTree = "<group>"; };
		E355111228D8693100A2C07D /* CRMediationAdapter.swift */ = {isa = PBXFileReference; lastKnownFileType = sourcecode.swift; path = CRMediationAdapter.swift; sourceTree = "<group>"; };
		E355111828D9BCEA00A2C07D /* CRInterstitialAdUnitExtension.swift */ = {isa = PBXFileReference; lastKnownFileType = sourcecode.swift; path = CRInterstitialAdUnitExtension.swift; sourceTree = "<group>"; };
		E3631C1E290BCBA30073A97C /* CRBannerAdUnitExtension.swift */ = {isa = PBXFileReference; lastKnownFileType = sourcecode.swift; path = CRBannerAdUnitExtension.swift; sourceTree = "<group>"; };
		E3631C21290C04780073A97C /* CRBannerViewExtension.swift */ = {isa = PBXFileReference; lastKnownFileType = sourcecode.swift; path = CRBannerViewExtension.swift; sourceTree = "<group>"; };
		E3631C24290C051A0073A97C /* CRInterstitialExtension.swift */ = {isa = PBXFileReference; lastKnownFileType = sourcecode.swift; path = CRInterstitialExtension.swift; sourceTree = "<group>"; };
/* End PBXFileReference section */

/* Begin PBXFrameworksBuildPhase section */
		54FC7D9D22F4136100202164 /* Frameworks */ = {
			isa = PBXFrameworksBuildPhase;
			buildActionMask = 2147483647;
			files = (
				174087F82C298114175BCBB5 /* libPods-CriteoGoogleAdapter.a in Frameworks */,
				467CC31B24F818FD000021D1 /* CriteoPublisherSdk.framework in Frameworks */,
			);
			runOnlyForDeploymentPostprocessing = 0;
		};
		54FC7DA622F4136100202164 /* Frameworks */ = {
			isa = PBXFrameworksBuildPhase;
			buildActionMask = 2147483647;
			files = (
				CF6AE25E24CEB22F00E00CDA /* CriteoPublisherSdk.framework in Frameworks */,
				DF4356B12304E7B30051AC45 /* CriteoGoogleAdapter.framework in Frameworks */,
				A36837911ADA01CEDFA729A9 /* libPods-CriteoGoogleAdapterTests.a in Frameworks */,
			);
			runOnlyForDeploymentPostprocessing = 0;
		};
/* End PBXFrameworksBuildPhase section */

/* Begin PBXGroup section */
		069EF1B3B63570F8C22E99A9 /* Pods */ = {
			isa = PBXGroup;
			children = (
				08A4B8154184ED488B3A6FF9 /* Pods-CriteoGoogleAdapter.debug.xcconfig */,
				070A3881D330CC1D58923631 /* Pods-CriteoGoogleAdapter.release.xcconfig */,
				17D99DE9CD54BBC14D6A4D45 /* Pods-CriteoGoogleAdapterTests.debug.xcconfig */,
				D6D6F0BAD5AE72930DD2A529 /* Pods-CriteoGoogleAdapterTests.release.xcconfig */,
			);
			name = Pods;
			path = ../Pods;
			sourceTree = "<group>";
		};
		3CF2926D760C675680C3BA20 /* Frameworks */ = {
			isa = PBXGroup;
			children = (
				CF6AE25D24CEB22F00E00CDA /* CriteoPublisherSdk.framework */,
				26D9C65D4FFAA50128EE5DB4 /* libPods-CriteoGoogleAdapter.a */,
				BF43AF45DE0BEECB9A9247A6 /* libPods-CriteoGoogleAdapterTests.a */,
			);
			name = Frameworks;
			sourceTree = "<group>";
		};
		54FC7D9622F4136100202164 = {
			isa = PBXGroup;
			children = (
				54FC7DA222F4136100202164 /* CriteoGoogleAdapter */,
				54FC7DAD22F4136100202164 /* CriteoGoogleAdapterTests */,
				54FC7DA122F4136100202164 /* Products */,
				3CF2926D760C675680C3BA20 /* Frameworks */,
				069EF1B3B63570F8C22E99A9 /* Pods */,
			);
			sourceTree = "<group>";
		};
		54FC7DA122F4136100202164 /* Products */ = {
			isa = PBXGroup;
			children = (
				54FC7DA022F4136100202164 /* CriteoGoogleAdapter.framework */,
				54FC7DA922F4136100202164 /* CriteoGoogleAdapterTests.xctest */,
			);
			name = Products;
			sourceTree = "<group>";
		};
		54FC7DA222F4136100202164 /* CriteoGoogleAdapter */ = {
			isa = PBXGroup;
			children = (
				A82B5782291CE464001BCEAB /* CRInterstitialCustomEvent */,
				A82B577D291CE3F5001BCEAB /* GoogleMediationParameters */,
				A82B577A291CE38A001BCEAB /* CRBannerCustomEvent */,
				E3631C1E290BCBA30073A97C /* CRBannerAdUnitExtension.swift */,
				E3631C21290C04780073A97C /* CRBannerViewExtension.swift */,
				E355111828D9BCEA00A2C07D /* CRInterstitialAdUnitExtension.swift */,
				E3631C24290C051A0073A97C /* CRInterstitialExtension.swift */,
				E355111228D8693100A2C07D /* CRMediationAdapter.swift */,
				54FC7DA422F4136100202164 /* Info.plist */,
				A8D784712913C63C007631A8 /* GADVersionNumberExtension.swift */,
			);
			name = CriteoGoogleAdapter;
			path = Sources/CriteoGoogleAdapter;
			sourceTree = "<group>";
		};
		54FC7DAD22F4136100202164 /* CriteoGoogleAdapterTests */ = {
			isa = PBXGroup;
			children = (
				54FC7DB022F4136100202164 /* Info.plist */,
				C07AB1B8BF317626BD709C00 /* CR_AdMobIntegrationRegistryTests.m */,
				A82B5787291CE4E1001BCEAB /* CRBannerCustomEventTests.m */,
			);
			name = CriteoGoogleAdapterTests;
			path = Tests/CriteoGoogleAdapterTests;
			sourceTree = "<group>";
		};
		A82B577A291CE38A001BCEAB /* CRBannerCustomEvent */ = {
			isa = PBXGroup;
			children = (
				A82B5778291CE380001BCEAB /* CRBannerCustomEvent.h */,
				A82B577B291CE3C5001BCEAB /* CRBannerCustomEvent.m */,
			);
			path = CRBannerCustomEvent;
			sourceTree = "<group>";
		};
		A82B577D291CE3F5001BCEAB /* GoogleMediationParameters */ = {
			isa = PBXGroup;
			children = (
				A82B577E291CE411001BCEAB /* GoogleMediationParameters.h */,
				A82B577F291CE411001BCEAB /* GoogleMediationParameters.m */,
			);
			path = GoogleMediationParameters;
			sourceTree = "<group>";
		};
		A82B5782291CE464001BCEAB /* CRInterstitialCustomEvent */ = {
			isa = PBXGroup;
			children = (
				A82B5783291CE476001BCEAB /* CRInterstitialCustomEvent.h */,
				A82B5784291CE476001BCEAB /* CRInterstitialCustomEvent.m */,
			);
			path = CRInterstitialCustomEvent;
			sourceTree = "<group>";
		};
/* End PBXGroup section */

/* Begin PBXHeadersBuildPhase section */
		54FC7D9B22F4136100202164 /* Headers */ = {
			isa = PBXHeadersBuildPhase;
			buildActionMask = 2147483647;
			files = (
				A82B5785291CE476001BCEAB /* CRInterstitialCustomEvent.h in Headers */,
				A82B5780291CE411001BCEAB /* GoogleMediationParameters.h in Headers */,
				A82B5779291CE380001BCEAB /* CRBannerCustomEvent.h in Headers */,
			);
			runOnlyForDeploymentPostprocessing = 0;
		};
		DFC3F4AF230371A400318644 /* Headers */ = {
			isa = PBXHeadersBuildPhase;
			buildActionMask = 2147483647;
			files = (
			);
			runOnlyForDeploymentPostprocessing = 0;
		};
/* End PBXHeadersBuildPhase section */

/* Begin PBXNativeTarget section */
		54FC7D9F22F4136100202164 /* CriteoGoogleAdapter */ = {
			isa = PBXNativeTarget;
			buildConfigurationList = 54FC7DB422F4136100202164 /* Build configuration list for PBXNativeTarget "CriteoGoogleAdapter" */;
			buildPhases = (
				22D334F997F183AE888E3F74 /* [CP] Check Pods Manifest.lock */,
				54FC7D9B22F4136100202164 /* Headers */,
				54FC7D9C22F4136100202164 /* Sources */,
				54FC7D9D22F4136100202164 /* Frameworks */,
				54FC7D9E22F4136100202164 /* Resources */,
			);
			buildRules = (
			);
			dependencies = (
			);
			name = CriteoGoogleAdapter;
			productName = CriteoGoogleAdapter;
			productReference = 54FC7DA022F4136100202164 /* CriteoGoogleAdapter.framework */;
			productType = "com.apple.product-type.framework";
		};
		54FC7DA822F4136100202164 /* CriteoGoogleAdapterTests */ = {
			isa = PBXNativeTarget;
			buildConfigurationList = 54FC7DB722F4136100202164 /* Build configuration list for PBXNativeTarget "CriteoGoogleAdapterTests" */;
			buildPhases = (
				2FE59A480B90512286A03569 /* [CP] Check Pods Manifest.lock */,
				DFC3F4AF230371A400318644 /* Headers */,
				54FC7DA522F4136100202164 /* Sources */,
				54FC7DA622F4136100202164 /* Frameworks */,
				54FC7DA722F4136100202164 /* Resources */,
			);
			buildRules = (
			);
			dependencies = (
				541ABDC822F4AA3200485B53 /* PBXTargetDependency */,
			);
			name = CriteoGoogleAdapterTests;
			productName = CriteoGoogleAdapterTests;
			productReference = 54FC7DA922F4136100202164 /* CriteoGoogleAdapterTests.xctest */;
			productType = "com.apple.product-type.bundle.unit-test";
		};
/* End PBXNativeTarget section */

/* Begin PBXProject section */
		54FC7D9722F4136100202164 /* Project object */ = {
			isa = PBXProject;
			attributes = {
				LastUpgradeCheck = 1250;
				ORGANIZATIONNAME = Criteo;
				TargetAttributes = {
					54FC7D9F22F4136100202164 = {
						CreatedOnToolsVersion = 10.2.1;
						LastSwiftMigration = 1400;
					};
					54FC7DA822F4136100202164 = {
						CreatedOnToolsVersion = 10.2.1;
						LastSwiftMigration = 1210;
					};
				};
			};
			buildConfigurationList = 54FC7D9A22F4136100202164 /* Build configuration list for PBXProject "CriteoGoogleAdapter" */;
			compatibilityVersion = "Xcode 9.3";
			developmentRegion = en;
			hasScannedForEncodings = 0;
			knownRegions = (
				en,
				Base,
			);
			mainGroup = 54FC7D9622F4136100202164;
			productRefGroup = 54FC7DA122F4136100202164 /* Products */;
			projectDirPath = "";
			projectRoot = "";
			targets = (
				54FC7D9F22F4136100202164 /* CriteoGoogleAdapter */,
				54FC7DA822F4136100202164 /* CriteoGoogleAdapterTests */,
			);
		};
/* End PBXProject section */

/* Begin PBXResourcesBuildPhase section */
		54FC7D9E22F4136100202164 /* Resources */ = {
			isa = PBXResourcesBuildPhase;
			buildActionMask = 2147483647;
			files = (
			);
			runOnlyForDeploymentPostprocessing = 0;
		};
		54FC7DA722F4136100202164 /* Resources */ = {
			isa = PBXResourcesBuildPhase;
			buildActionMask = 2147483647;
			files = (
			);
			runOnlyForDeploymentPostprocessing = 0;
		};
/* End PBXResourcesBuildPhase section */

/* Begin PBXShellScriptBuildPhase section */
		22D334F997F183AE888E3F74 /* [CP] Check Pods Manifest.lock */ = {
			isa = PBXShellScriptBuildPhase;
			buildActionMask = 2147483647;
			files = (
			);
			inputFileListPaths = (
			);
			inputPaths = (
				"${PODS_PODFILE_DIR_PATH}/Podfile.lock",
				"${PODS_ROOT}/Manifest.lock",
			);
			name = "[CP] Check Pods Manifest.lock";
			outputFileListPaths = (
			);
			outputPaths = (
				"$(DERIVED_FILE_DIR)/Pods-CriteoGoogleAdapter-checkManifestLockResult.txt",
			);
			runOnlyForDeploymentPostprocessing = 0;
			shellPath = /bin/sh;
			shellScript = "diff \"${PODS_PODFILE_DIR_PATH}/Podfile.lock\" \"${PODS_ROOT}/Manifest.lock\" > /dev/null\nif [ $? != 0 ] ; then\n    # print error to STDERR\n    echo \"error: The sandbox is not in sync with the Podfile.lock. Run 'pod install' or update your CocoaPods installation.\" >&2\n    exit 1\nfi\n# This output is used by Xcode 'outputs' to avoid re-running this script phase.\necho \"SUCCESS\" > \"${SCRIPT_OUTPUT_FILE_0}\"\n";
			showEnvVarsInLog = 0;
		};
		2FE59A480B90512286A03569 /* [CP] Check Pods Manifest.lock */ = {
			isa = PBXShellScriptBuildPhase;
			buildActionMask = 2147483647;
			files = (
			);
			inputFileListPaths = (
			);
			inputPaths = (
				"${PODS_PODFILE_DIR_PATH}/Podfile.lock",
				"${PODS_ROOT}/Manifest.lock",
			);
			name = "[CP] Check Pods Manifest.lock";
			outputFileListPaths = (
			);
			outputPaths = (
				"$(DERIVED_FILE_DIR)/Pods-CriteoGoogleAdapterTests-checkManifestLockResult.txt",
			);
			runOnlyForDeploymentPostprocessing = 0;
			shellPath = /bin/sh;
			shellScript = "diff \"${PODS_PODFILE_DIR_PATH}/Podfile.lock\" \"${PODS_ROOT}/Manifest.lock\" > /dev/null\nif [ $? != 0 ] ; then\n    # print error to STDERR\n    echo \"error: The sandbox is not in sync with the Podfile.lock. Run 'pod install' or update your CocoaPods installation.\" >&2\n    exit 1\nfi\n# This output is used by Xcode 'outputs' to avoid re-running this script phase.\necho \"SUCCESS\" > \"${SCRIPT_OUTPUT_FILE_0}\"\n";
			showEnvVarsInLog = 0;
		};
/* End PBXShellScriptBuildPhase section */

/* Begin PBXSourcesBuildPhase section */
		54FC7D9C22F4136100202164 /* Sources */ = {
			isa = PBXSourcesBuildPhase;
			buildActionMask = 2147483647;
			files = (
				E3631C25290C051A0073A97C /* CRInterstitialExtension.swift in Sources */,
				A82B5781291CE411001BCEAB /* GoogleMediationParameters.m in Sources */,
				E3631C22290C04780073A97C /* CRBannerViewExtension.swift in Sources */,
				E355111328D8693100A2C07D /* CRMediationAdapter.swift in Sources */,
				E355111928D9BCEA00A2C07D /* CRInterstitialAdUnitExtension.swift in Sources */,
				A8D784722913C63C007631A8 /* GADVersionNumberExtension.swift in Sources */,
				A82B5786291CE476001BCEAB /* CRInterstitialCustomEvent.m in Sources */,
				E3631C1F290BCBA30073A97C /* CRBannerAdUnitExtension.swift in Sources */,
				A82B5788291CE4E1001BCEAB /* CRBannerCustomEventTests.m in Sources */,
				A82B577C291CE3C5001BCEAB /* CRBannerCustomEvent.m in Sources */,
			);
			runOnlyForDeploymentPostprocessing = 0;
		};
		54FC7DA522F4136100202164 /* Sources */ = {
			isa = PBXSourcesBuildPhase;
			buildActionMask = 2147483647;
			files = (
				E355111A28D9BCEA00A2C07D /* CRInterstitialAdUnitExtension.swift in Sources */,
				E355111428D8693100A2C07D /* CRMediationAdapter.swift in Sources */,
				E3631C20290BCBA30073A97C /* CRBannerAdUnitExtension.swift in Sources */,
				E3631C23290C04780073A97C /* CRBannerViewExtension.swift in Sources */,
				E3631C26290C051A0073A97C /* CRInterstitialExtension.swift in Sources */,
				C07ABB57E4BA18C3A8A35B47 /* CR_AdMobIntegrationRegistryTests.m in Sources */,
			);
			runOnlyForDeploymentPostprocessing = 0;
		};
/* End PBXSourcesBuildPhase section */

/* Begin PBXTargetDependency section */
		541ABDC822F4AA3200485B53 /* PBXTargetDependency */ = {
			isa = PBXTargetDependency;
			target = 54FC7D9F22F4136100202164 /* CriteoGoogleAdapter */;
			targetProxy = 541ABDC722F4AA3200485B53 /* PBXContainerItemProxy */;
		};
/* End PBXTargetDependency section */

/* Begin XCBuildConfiguration section */
		54FC7DB222F4136100202164 /* Debug */ = {
			isa = XCBuildConfiguration;
			buildSettings = {
				ALWAYS_SEARCH_USER_PATHS = NO;
				CLANG_ANALYZER_NONNULL = YES;
				CLANG_ANALYZER_NUMBER_OBJECT_CONVERSION = YES_AGGRESSIVE;
				CLANG_CXX_LANGUAGE_STANDARD = "gnu++14";
				CLANG_CXX_LIBRARY = "libc++";
				CLANG_ENABLE_MODULES = YES;
				CLANG_ENABLE_OBJC_ARC = YES;
				CLANG_ENABLE_OBJC_WEAK = YES;
				CLANG_WARN_BLOCK_CAPTURE_AUTORELEASING = YES;
				CLANG_WARN_BOOL_CONVERSION = YES;
				CLANG_WARN_COMMA = YES;
				CLANG_WARN_CONSTANT_CONVERSION = YES;
				CLANG_WARN_DEPRECATED_OBJC_IMPLEMENTATIONS = YES;
				CLANG_WARN_DIRECT_OBJC_ISA_USAGE = YES_ERROR;
				CLANG_WARN_DOCUMENTATION_COMMENTS = YES;
				CLANG_WARN_EMPTY_BODY = YES;
				CLANG_WARN_ENUM_CONVERSION = YES;
				CLANG_WARN_INFINITE_RECURSION = YES;
				CLANG_WARN_INT_CONVERSION = YES;
				CLANG_WARN_NON_LITERAL_NULL_CONVERSION = YES;
				CLANG_WARN_OBJC_IMPLICIT_RETAIN_SELF = YES;
				CLANG_WARN_OBJC_LITERAL_CONVERSION = YES;
				CLANG_WARN_OBJC_ROOT_CLASS = YES_ERROR;
				CLANG_WARN_QUOTED_INCLUDE_IN_FRAMEWORK_HEADER = YES;
				CLANG_WARN_RANGE_LOOP_ANALYSIS = YES;
				CLANG_WARN_STRICT_PROTOTYPES = YES;
				CLANG_WARN_SUSPICIOUS_MOVE = YES;
				CLANG_WARN_UNGUARDED_AVAILABILITY = YES_AGGRESSIVE;
				CLANG_WARN_UNREACHABLE_CODE = YES;
				CLANG_WARN__DUPLICATE_METHOD_MATCH = YES;
				CODE_SIGN_IDENTITY = "iPhone Developer";
				COPY_PHASE_STRIP = NO;
				DEBUG_INFORMATION_FORMAT = dwarf;
				ENABLE_STRICT_OBJC_MSGSEND = YES;
				ENABLE_TESTABILITY = YES;
				GCC_C_LANGUAGE_STANDARD = gnu11;
				GCC_DYNAMIC_NO_PIC = NO;
				GCC_NO_COMMON_BLOCKS = YES;
				GCC_OPTIMIZATION_LEVEL = 0;
				GCC_PREPROCESSOR_DEFINITIONS = (
					"DEBUG=1",
					"$(inherited)",
				);
				GCC_WARN_64_TO_32_BIT_CONVERSION = YES;
				GCC_WARN_ABOUT_RETURN_TYPE = YES_ERROR;
				GCC_WARN_UNDECLARED_SELECTOR = YES;
				GCC_WARN_UNINITIALIZED_AUTOS = YES_AGGRESSIVE;
				GCC_WARN_UNUSED_FUNCTION = YES;
				GCC_WARN_UNUSED_VARIABLE = YES;
				IPHONEOS_DEPLOYMENT_TARGET = 9.0;
				MACH_O_TYPE = staticlib;
				MTL_ENABLE_DEBUG_INFO = INCLUDE_SOURCE;
				MTL_FAST_MATH = YES;
				ONLY_ACTIVE_ARCH = YES;
				OTHER_LDFLAGS = "-ObjC";
				SDKROOT = iphoneos;
				VERSIONING_SYSTEM = "apple-generic";
			};
			name = Debug;
		};
		54FC7DB322F4136100202164 /* Release */ = {
			isa = XCBuildConfiguration;
			buildSettings = {
				ALWAYS_SEARCH_USER_PATHS = NO;
				CLANG_ANALYZER_NONNULL = YES;
				CLANG_ANALYZER_NUMBER_OBJECT_CONVERSION = YES_AGGRESSIVE;
				CLANG_CXX_LANGUAGE_STANDARD = "gnu++14";
				CLANG_CXX_LIBRARY = "libc++";
				CLANG_ENABLE_MODULES = YES;
				CLANG_ENABLE_OBJC_ARC = YES;
				CLANG_ENABLE_OBJC_WEAK = YES;
				CLANG_WARN_BLOCK_CAPTURE_AUTORELEASING = YES;
				CLANG_WARN_BOOL_CONVERSION = YES;
				CLANG_WARN_COMMA = YES;
				CLANG_WARN_CONSTANT_CONVERSION = YES;
				CLANG_WARN_DEPRECATED_OBJC_IMPLEMENTATIONS = YES;
				CLANG_WARN_DIRECT_OBJC_ISA_USAGE = YES_ERROR;
				CLANG_WARN_DOCUMENTATION_COMMENTS = YES;
				CLANG_WARN_EMPTY_BODY = YES;
				CLANG_WARN_ENUM_CONVERSION = YES;
				CLANG_WARN_INFINITE_RECURSION = YES;
				CLANG_WARN_INT_CONVERSION = YES;
				CLANG_WARN_NON_LITERAL_NULL_CONVERSION = YES;
				CLANG_WARN_OBJC_IMPLICIT_RETAIN_SELF = YES;
				CLANG_WARN_OBJC_LITERAL_CONVERSION = YES;
				CLANG_WARN_OBJC_ROOT_CLASS = YES_ERROR;
				CLANG_WARN_QUOTED_INCLUDE_IN_FRAMEWORK_HEADER = YES;
				CLANG_WARN_RANGE_LOOP_ANALYSIS = YES;
				CLANG_WARN_STRICT_PROTOTYPES = YES;
				CLANG_WARN_SUSPICIOUS_MOVE = YES;
				CLANG_WARN_UNGUARDED_AVAILABILITY = YES_AGGRESSIVE;
				CLANG_WARN_UNREACHABLE_CODE = YES;
				CLANG_WARN__DUPLICATE_METHOD_MATCH = YES;
				CODE_SIGN_IDENTITY = "iPhone Developer";
				COPY_PHASE_STRIP = NO;
				DEBUG_INFORMATION_FORMAT = "dwarf-with-dsym";
				ENABLE_NS_ASSERTIONS = NO;
				ENABLE_STRICT_OBJC_MSGSEND = YES;
				GCC_C_LANGUAGE_STANDARD = gnu11;
				GCC_NO_COMMON_BLOCKS = YES;
				GCC_WARN_64_TO_32_BIT_CONVERSION = YES;
				GCC_WARN_ABOUT_RETURN_TYPE = YES_ERROR;
				GCC_WARN_UNDECLARED_SELECTOR = YES;
				GCC_WARN_UNINITIALIZED_AUTOS = YES_AGGRESSIVE;
				GCC_WARN_UNUSED_FUNCTION = YES;
				GCC_WARN_UNUSED_VARIABLE = YES;
				IPHONEOS_DEPLOYMENT_TARGET = 9.0;
				MACH_O_TYPE = staticlib;
				MTL_ENABLE_DEBUG_INFO = NO;
				MTL_FAST_MATH = YES;
				OTHER_LDFLAGS = "-ObjC";
				SDKROOT = iphoneos;
				SWIFT_COMPILATION_MODE = wholemodule;
				VALIDATE_PRODUCT = YES;
				VERSIONING_SYSTEM = "apple-generic";
			};
			name = Release;
		};
		54FC7DB522F4136100202164 /* Debug */ = {
			isa = XCBuildConfiguration;
			baseConfigurationReference = 08A4B8154184ED488B3A6FF9 /* Pods-CriteoGoogleAdapter.debug.xcconfig */;
			buildSettings = {
				CLANG_ENABLE_MODULES = YES;
				CODE_SIGN_IDENTITY = "";
				CODE_SIGN_STYLE = Automatic;
				DEFINES_MODULE = YES;
				DEVELOPMENT_TEAM = S655EV5659;
				DYLIB_COMPATIBILITY_VERSION = 1;
				DYLIB_CURRENT_VERSION = 1;
				DYLIB_INSTALL_NAME_BASE = "@rpath";
				FRAMEWORK_SEARCH_PATHS = (
					"$(inherited)",
					"\"${PODS_ROOT}/Google-Mobile-Ads-SDK/Frameworks/GoogleMobileAdsFramework-Current\"",
					"\"${PODS_ROOT}/GoogleAppMeasurement/Frameworks\"",
					"$(PROJECT_DIR)",
				);
				INFOPLIST_FILE = Sources/CriteoGoogleAdapter/Info.plist;
				INSTALL_PATH = "$(LOCAL_LIBRARY_DIR)/Frameworks";
				LD_RUNPATH_SEARCH_PATHS = (
					"$(inherited)",
					"@executable_path/Frameworks",
					"@loader_path/Frameworks",
				);
				MACH_O_TYPE = staticlib;
				PRODUCT_BUNDLE_IDENTIFIER = com.Criteo.CriteoGoogleAdapter;
				PRODUCT_NAME = "$(TARGET_NAME:c99extidentifier)";
				SKIP_INSTALL = YES;
				SWIFT_OPTIMIZATION_LEVEL = "-Onone";
				SWIFT_VERSION = 4.0;
				TARGETED_DEVICE_FAMILY = "1,2";
			};
			name = Debug;
		};
		54FC7DB622F4136100202164 /* Release */ = {
			isa = XCBuildConfiguration;
			baseConfigurationReference = 070A3881D330CC1D58923631 /* Pods-CriteoGoogleAdapter.release.xcconfig */;
			buildSettings = {
				CLANG_ENABLE_MODULES = YES;
				CODE_SIGN_IDENTITY = "";
				CODE_SIGN_STYLE = Automatic;
				DEFINES_MODULE = YES;
				DEVELOPMENT_TEAM = S655EV5659;
				DYLIB_COMPATIBILITY_VERSION = 1;
				DYLIB_CURRENT_VERSION = 1;
				DYLIB_INSTALL_NAME_BASE = "@rpath";
				FRAMEWORK_SEARCH_PATHS = (
					"$(inherited)",
					"\"${PODS_ROOT}/Google-Mobile-Ads-SDK/Frameworks/GoogleMobileAdsFramework-Current\"",
					"\"${PODS_ROOT}/GoogleAppMeasurement/Frameworks\"",
					"$(PROJECT_DIR)",
				);
				INFOPLIST_FILE = Sources/CriteoGoogleAdapter/Info.plist;
				INSTALL_PATH = "$(LOCAL_LIBRARY_DIR)/Frameworks";
				LD_RUNPATH_SEARCH_PATHS = (
					"$(inherited)",
					"@executable_path/Frameworks",
					"@loader_path/Frameworks",
				);
				MACH_O_TYPE = staticlib;
				PRODUCT_BUNDLE_IDENTIFIER = com.Criteo.CriteoGoogleAdapter;
				PRODUCT_NAME = "$(TARGET_NAME:c99extidentifier)";
				SKIP_INSTALL = YES;
				SWIFT_VERSION = 4.0;
				TARGETED_DEVICE_FAMILY = "1,2";
			};
			name = Release;
		};
		54FC7DB822F4136100202164 /* Debug */ = {
			isa = XCBuildConfiguration;
			baseConfigurationReference = 17D99DE9CD54BBC14D6A4D45 /* Pods-CriteoGoogleAdapterTests.debug.xcconfig */;
			buildSettings = {
				CLANG_ENABLE_MODULES = YES;
				CODE_SIGN_STYLE = Automatic;
				DEVELOPMENT_TEAM = S655EV5659;
				FRAMEWORK_SEARCH_PATHS = (
					"$(inherited)",
					"$(PROJECT_DIR)",
				);
				INFOPLIST_FILE = Tests/CriteoGoogleAdapterTests/Info.plist;
				LD_RUNPATH_SEARCH_PATHS = (
					"$(inherited)",
					"@executable_path/Frameworks",
					"@loader_path/Frameworks",
				);
				MACH_O_TYPE = mh_bundle;
				PRODUCT_BUNDLE_IDENTIFIER = com.Criteo.CriteoGoogleAdapterTests;
				PRODUCT_NAME = "$(TARGET_NAME)";
				SWIFT_OPTIMIZATION_LEVEL = "-Onone";
				SWIFT_VERSION = 5.0;
				TARGETED_DEVICE_FAMILY = "1,2";
			};
			name = Debug;
		};
		54FC7DB922F4136100202164 /* Release */ = {
			isa = XCBuildConfiguration;
			baseConfigurationReference = D6D6F0BAD5AE72930DD2A529 /* Pods-CriteoGoogleAdapterTests.release.xcconfig */;
			buildSettings = {
				CLANG_ENABLE_MODULES = YES;
				CODE_SIGN_STYLE = Automatic;
				DEVELOPMENT_TEAM = S655EV5659;
				FRAMEWORK_SEARCH_PATHS = (
					"$(inherited)",
					"$(PROJECT_DIR)",
				);
				INFOPLIST_FILE = Tests/CriteoGoogleAdapterTests/Info.plist;
				LD_RUNPATH_SEARCH_PATHS = (
					"$(inherited)",
					"@executable_path/Frameworks",
					"@loader_path/Frameworks",
				);
				MACH_O_TYPE = mh_bundle;
				PRODUCT_BUNDLE_IDENTIFIER = com.Criteo.CriteoGoogleAdapterTests;
				PRODUCT_NAME = "$(TARGET_NAME)";
				SWIFT_VERSION = 5.0;
				TARGETED_DEVICE_FAMILY = "1,2";
			};
			name = Release;
		};
/* End XCBuildConfiguration section */

/* Begin XCConfigurationList section */
		54FC7D9A22F4136100202164 /* Build configuration list for PBXProject "CriteoGoogleAdapter" */ = {
			isa = XCConfigurationList;
			buildConfigurations = (
				54FC7DB222F4136100202164 /* Debug */,
				54FC7DB322F4136100202164 /* Release */,
			);
			defaultConfigurationIsVisible = 0;
			defaultConfigurationName = Release;
		};
		54FC7DB422F4136100202164 /* Build configuration list for PBXNativeTarget "CriteoGoogleAdapter" */ = {
			isa = XCConfigurationList;
			buildConfigurations = (
				54FC7DB522F4136100202164 /* Debug */,
				54FC7DB622F4136100202164 /* Release */,
			);
			defaultConfigurationIsVisible = 0;
			defaultConfigurationName = Release;
		};
		54FC7DB722F4136100202164 /* Build configuration list for PBXNativeTarget "CriteoGoogleAdapterTests" */ = {
			isa = XCConfigurationList;
			buildConfigurations = (
				54FC7DB822F4136100202164 /* Debug */,
				54FC7DB922F4136100202164 /* Release */,
			);
			defaultConfigurationIsVisible = 0;
			defaultConfigurationName = Release;
		};
/* End XCConfigurationList section */
	};
	rootObject = 54FC7D9722F4136100202164 /* Project object */;
}
