<?xml version="1.0" encoding="UTF-8"?>
<Scheme
   LastUpgradeVersion = "1250"
   version = "1.7">
   <BuildAction
      parallelizeBuildables = "YES"
      buildImplicitDependencies = "YES">
      <BuildActionEntries>
         <BuildActionEntry
            buildForTesting = "YES"
            buildForRunning = "YES"
            buildForProfiling = "YES"
            buildForArchiving = "YES"
            buildForAnalyzing = "YES">
            <BuildableReference
               BuildableIdentifier = "primary"
               BlueprintIdentifier = "25BD5B562220D16D004DE311"
               BuildableName = "CriteoPublisherSdk.framework"
               BlueprintName = "CriteoPublisherSdk"
               ReferencedContainer = "container:CriteoPublisherSdk.xcodeproj">
            </BuildableReference>
         </BuildActionEntry>
      </BuildActionEntries>
   </BuildAction>
   <TestAction
      buildConfiguration = "Debug"
      selectedDebuggerIdentifier = "Xcode.DebuggerFoundation.Debugger.LLDB"
      selectedLauncherIdentifier = "Xcode.DebuggerFoundation.Launcher.LLDB"
      shouldUseLaunchSchemeArgsEnv = "YES">
      <TestPlans>
         <TestPlanReference
            reference = "container:Tests/CriteoPublisherSdk-Standalone.xctestplan"
            default = "YES">
         </TestPlanReference>
         <TestPlanReference
            reference = "container:Tests/CriteoPublisherSdk-Google.xctestplan">
         </TestPlanReference>
         <TestPlanReference
            reference = "container:Tests/TestPlans/CriteoPublisherSdkMC_0.xctestplan">
         </TestPlanReference>
         <TestPlanReference
            reference = "container:Tests/TestPlans/CriteoPublisherSdkMC_1.xctestplan">
         </TestPlanReference>
         <TestPlanReference
            reference = "container:Tests/TestPlans/CriteoPublisherSdkMC_2.xctestplan">
         </TestPlanReference>
         <TestPlanReference
            reference = "container:Tests/TestPlans/CriteoPublisherSdkMC_3.xctestplan">
         </TestPlanReference>
         <TestPlanReference
            reference = "container:Tests/TestPlans/CriteoPublisherSdkMC_4.xctestplan">
         </TestPlanReference>
         <TestPlanReference
            reference = "container:Tests/TestPlans/CriteoPublisherSdkMC_5.xctestplan">
         </TestPlanReference>
         <TestPlanReference
            reference = "container:Tests/TestPlans/CriteoPublisherSdkMC_6.xctestplan">
         </TestPlanReference>
         <TestPlanReference
            reference = "container:Tests/TestPlans/CriteoPublisherSdkMC_7.xctestplan">
         </TestPlanReference>
         <TestPlanReference
            reference = "container:Tests/TestPlans/CriteoPublisherSdkMC_8.xctestplan">
         </TestPlanReference>
         <TestPlanReference
            reference = "container:Tests/TestPlans/CriteoPublisherSdkMC_9.xctestplan">
         </TestPlanReference>
         <TestPlanReference
            reference = "container:Tests/TestPlans/CriteoPublisherSdkMC_10.xctestplan">
         </TestPlanReference>
         <TestPlanReference
            reference = "container:Tests/TestPlans/CriteoPublisherSdkMC_11.xctestplan">
         </TestPlanReference>
         <TestPlanReference
            reference = "container:Tests/TestPlans/CriteoPublisherSdkMC_12.xctestplan">
         </TestPlanReference>
         <TestPlanReference
            reference = "container:Tests/TestPlans/CriteoPublisherSdkMC_13.xctestplan">
         </TestPlanReference>
         <TestPlanReference
            reference = "container:Tests/TestPlans/CriteoPublisherSdkMC_14.xctestplan">
         </TestPlanReference>
         <TestPlanReference
            reference = "container:Tests/TestPlans/CriteoPublisherSdkMC_15.xctestplan">
         </TestPlanReference>
         <TestPlanReference
            reference = "container:Tests/TestPlans/CriteoPublisherSdkMC_16.xctestplan">
         </TestPlanReference>
         <TestPlanReference
            reference = "container:Tests/TestPlans/CriteoPublisherSdkMC_17.xctestplan">
         </TestPlanReference>
         <TestPlanReference
            reference = "container:Tests/TestPlans/CriteoPublisherSdkMC_18.xctestplan">
         </TestPlanReference>
         <TestPlanReference
            reference = "container:Tests/TestPlans/CriteoPublisherSdkMC_19.xctestplan">
         </TestPlanReference>
         <TestPlanReference
            reference = "container:Tests/TestPlans/CriteoPublisherSdkMC_20.xctestplan">
         </TestPlanReference>
         <TestPlanReference
            reference = "container:Tests/TestPlans/CriteoPublisherSdkMC_21.xctestplan">
         </TestPlanReference>
         <TestPlanReference
            reference = "container:Tests/TestPlans/CriteoPublisherSdkMC_22.xctestplan">
         </TestPlanReference>
         <TestPlanReference
            reference = "container:Tests/TestPlans/CriteoPublisherSdkMC_23.xctestplan">
         </TestPlanReference>
         <TestPlanReference
            reference = "container:Tests/TestPlans/CriteoPublisherSdkMC_24.xctestplan">
         </TestPlanReference>
         <TestPlanReference
            reference = "container:Tests/TestPlans/CriteoPublisherSdkMC_25.xctestplan">
         </TestPlanReference>
         <TestPlanReference
            reference = "container:Tests/TestPlans/CriteoPublisherSdkMC_26.xctestplan">
         </TestPlanReference>
         <TestPlanReference
            reference = "container:Tests/TestPlans/CriteoPublisherSdkMC_27.xctestplan">
         </TestPlanReference>
         <TestPlanReference
            reference = "container:Tests/TestPlans/CriteoPublisherSdkMC_28.xctestplan">
         </TestPlanReference>
         <TestPlanReference
            reference = "container:Tests/TestPlans/CriteoPublisherSdkMC_29.xctestplan">
         </TestPlanReference>
         <TestPlanReference
            reference = "container:Tests/TestPlans/CriteoPublisherSdkMC_30.xctestplan">
         </TestPlanReference>
         <TestPlanReference
            reference = "container:Tests/TestPlans/CriteoPublisherSdkMC_31.xctestplan">
         </TestPlanReference>
         <TestPlanReference
            reference = "container:Tests/TestPlans/CriteoPublisherSdkMC_32.xctestplan">
         </TestPlanReference>
         <TestPlanReference
            reference = "container:Tests/TestPlans/CriteoPublisherSdkMC_33.xctestplan">
         </TestPlanReference>
         <TestPlanReference
            reference = "container:Tests/TestPlans/CriteoPublisherSdkMC_34.xctestplan">
         </TestPlanReference>
         <TestPlanReference
            reference = "container:Tests/TestPlans/CriteoPublisherSdkMC_35.xctestplan">
         </TestPlanReference>
         <TestPlanReference
            reference = "container:Tests/TestPlans/CriteoPublisherSdkMC_36.xctestplan">
         </TestPlanReference>
         <TestPlanReference
            reference = "container:Tests/TestPlans/CriteoPublisherSdkMC_37.xctestplan">
         </TestPlanReference>
         <TestPlanReference
            reference = "container:Tests/TestPlans/CriteoPublisherSdkMC_38.xctestplan">
         </TestPlanReference>
         <TestPlanReference
            reference = "container:Tests/TestPlans/CriteoPublisherSdkMC_39.xctestplan">
         </TestPlanReference>
         <TestPlanReference
            reference = "container:Tests/TestPlans/CriteoPublisherSdkMC_40.xctestplan">
         </TestPlanReference>
         <TestPlanReference
            reference = "container:Tests/TestPlans/CriteoPublisherSdkMC_41.xctestplan">
         </TestPlanReference>
         <TestPlanReference
            reference = "container:Tests/TestPlans/CriteoPublisherSdkMC_42.xctestplan">
         </TestPlanReference>
         <TestPlanReference
            reference = "container:Tests/TestPlans/CriteoPublisherSdkMC_43.xctestplan">
         </TestPlanReference>
         <TestPlanReference
            reference = "container:Tests/TestPlans/CriteoPublisherSdkMC_44.xctestplan">
         </TestPlanReference>
         <TestPlanReference
            reference = "container:Tests/TestPlans/CriteoPublisherSdkMC_55.xctestplan">
         </TestPlanReference>
         <TestPlanReference
            reference = "container:Tests/TestPlans/CriteoPublisherSdkMC_53.xctestplan">
         </TestPlanReference>
         <TestPlanReference
            reference = "container:Tests/TestPlans/CriteoPublisherSdkMC_65.xctestplan">
         </TestPlanReference>
         <TestPlanReference
            reference = "container:Tests/TestPlans/CriteoPublisherSdkMC_89.xctestplan">
         </TestPlanReference>
         <TestPlanReference
            reference = "container:Tests/TestPlans/CriteoPublisherSdkMC_45.xctestplan">
         </TestPlanReference>
         <TestPlanReference
            reference = "container:Tests/TestPlans/CriteoPublisherSdkMC_46.xctestplan">
         </TestPlanReference>
         <TestPlanReference
            reference = "container:Tests/TestPlans/CriteoPublisherSdkMC_60.xctestplan">
         </TestPlanReference>
         <TestPlanReference
            reference = "container:Tests/TestPlans/CriteoPublisherSdkMC_47.xctestplan">
         </TestPlanReference>
         <TestPlanReference
            reference = "container:Tests/TestPlans/CriteoPublisherSdkMC_48.xctestplan">
         </TestPlanReference>
         <TestPlanReference
            reference = "container:Tests/TestPlans/CriteoPublisherSdkMC_49.xctestplan">
         </TestPlanReference>
         <TestPlanReference
            reference = "container:Tests/TestPlans/CriteoPublisherSdkMC_54.xctestplan">
         </TestPlanReference>
         <TestPlanReference
            reference = "container:Tests/TestPlans/CriteoPublisherSdkMC_50.xctestplan">
         </TestPlanReference>
         <TestPlanReference
            reference = "container:Tests/TestPlans/CriteoPublisherSdkMC_51.xctestplan">
         </TestPlanReference>
         <TestPlanReference
            reference = "container:Tests/TestPlans/CriteoPublisherSdkMC_52.xctestplan">
         </TestPlanReference>
         <TestPlanReference
            reference = "container:Tests/TestPlans/CriteoPublisherSdkMC_56.xctestplan">
         </TestPlanReference>
         <TestPlanReference
            reference = "container:Tests/TestPlans/CriteoPublisherSdkMC_57.xctestplan">
         </TestPlanReference>
         <TestPlanReference
            reference = "container:Tests/TestPlans/CriteoPublisherSdkMC_58.xctestplan">
         </TestPlanReference>
         <TestPlanReference
            reference = "container:Tests/TestPlans/CriteoPublisherSdkMC_59.xctestplan">
         </TestPlanReference>
         <TestPlanReference
            reference = "container:Tests/TestPlans/CriteoPublisherSdkMC_61.xctestplan">
         </TestPlanReference>
         <TestPlanReference
            reference = "container:Tests/TestPlans/CriteoPublisherSdkMC_63.xctestplan">
         </TestPlanReference>
         <TestPlanReference
            reference = "container:Tests/TestPlans/CriteoPublisherSdkMC_62.xctestplan">
         </TestPlanReference>
         <TestPlanReference
            reference = "container:Tests/TestPlans/CriteoPublisherSdkMC_64.xctestplan">
         </TestPlanReference>
         <TestPlanReference
            reference = "container:Tests/TestPlans/CriteoPublisherSdkMC_66.xctestplan">
         </TestPlanReference>
         <TestPlanReference
            reference = "container:Tests/TestPlans/CriteoPublisherSdkMC_67.xctestplan">
         </TestPlanReference>
         <TestPlanReference
            reference = "container:Tests/TestPlans/CriteoPublisherSdkMC_68.xctestplan">
         </TestPlanReference>
         <TestPlanReference
            reference = "container:Tests/TestPlans/CriteoPublisherSdkMC_69.xctestplan">
         </TestPlanReference>
         <TestPlanReference
            reference = "container:Tests/TestPlans/CriteoPublisherSdkMC_70.xctestplan">
         </TestPlanReference>
         <TestPlanReference
            reference = "container:Tests/TestPlans/CriteoPublisherSdkMC_71.xctestplan">
         </TestPlanReference>
         <TestPlanReference
            reference = "container:Tests/TestPlans/CriteoPublisherSdkMC_72.xctestplan">
         </TestPlanReference>
         <TestPlanReference
            reference = "container:Tests/TestPlans/CriteoPublisherSdkMC_73.xctestplan">
         </TestPlanReference>
         <TestPlanReference
            reference = "container:Tests/TestPlans/CriteoPublisherSdkMC_74.xctestplan">
         </TestPlanReference>
         <TestPlanReference
            reference = "container:Tests/TestPlans/CriteoPublisherSdkMC_75.xctestplan">
         </TestPlanReference>
         <TestPlanReference
            reference = "container:Tests/TestPlans/CriteoPublisherSdkMC_76.xctestplan">
         </TestPlanReference>
         <TestPlanReference
            reference = "container:Tests/TestPlans/CriteoPublisherSdkMC_77.xctestplan">
         </TestPlanReference>
         <TestPlanReference
            reference = "container:Tests/TestPlans/CriteoPublisherSdkMC_78.xctestplan">
         </TestPlanReference>
         <TestPlanReference
            reference = "container:Tests/TestPlans/CriteoPublisherSdkMC_79.xctestplan">
         </TestPlanReference>
         <TestPlanReference
            reference = "container:Tests/TestPlans/CriteoPublisherSdkMC_80.xctestplan">
         </TestPlanReference>
         <TestPlanReference
            reference = "container:Tests/TestPlans/CriteoPublisherSdkMC_81.xctestplan">
         </TestPlanReference>
         <TestPlanReference
            reference = "container:Tests/TestPlans/CriteoPublisherSdkMC_82.xctestplan">
         </TestPlanReference>
         <TestPlanReference
            reference = "container:Tests/TestPlans/CriteoPublisherSdkMC_83.xctestplan">
         </TestPlanReference>
         <TestPlanReference
            reference = "container:Tests/TestPlans/CriteoPublisherSdkMC_84.xctestplan">
         </TestPlanReference>
         <TestPlanReference
            reference = "container:Tests/TestPlans/CriteoPublisherSdkMC_85.xctestplan">
         </TestPlanReference>
         <TestPlanReference
            reference = "container:Tests/TestPlans/CriteoPublisherSdkMC_86.xctestplan">
         </TestPlanReference>
         <TestPlanReference
            reference = "container:Tests/TestPlans/CriteoPublisherSdkMC_87.xctestplan">
         </TestPlanReference>
         <TestPlanReference
            reference = "container:Tests/TestPlans/CriteoPublisherSdkMC_88.xctestplan">
         </TestPlanReference>
         <TestPlanReference
            reference = "container:Tests/TestPlans/CriteoPublisherSdkMC_90.xctestplan">
         </TestPlanReference>
      </TestPlans>
      <Testables>
         <TestableReference
            skipped = "NO"
            parallelizable = "YES"
            testExecutionOrdering = "random">
            <BuildableReference
               BuildableIdentifier = "primary"
               BlueprintIdentifier = "E1F2736C21B5F08D00A2FBFA"
               BuildableName = "CriteoPublisherSdkTests.xctest"
               BlueprintName = "CriteoPublisherSdkTests"
               ReferencedContainer = "container:CriteoPublisherSdk.xcodeproj">
            </BuildableReference>
         </TestableReference>
      </Testables>
   </TestAction>
   <LaunchAction
      buildConfiguration = "Debug"
      selectedDebuggerIdentifier = "Xcode.DebuggerFoundation.Debugger.LLDB"
      selectedLauncherIdentifier = "Xcode.DebuggerFoundation.Launcher.LLDB"
      launchStyle = "0"
      useCustomWorkingDirectory = "NO"
      ignoresPersistentStateOnLaunch = "NO"
      debugDocumentVersioning = "YES"
      debugServiceExtension = "internal"
      allowLocationSimulation = "YES">
      <MacroExpansion>
         <BuildableReference
            BuildableIdentifier = "primary"
            BlueprintIdentifier = "25BD5B562220D16D004DE311"
            BuildableName = "CriteoPublisherSdk.framework"
            BlueprintName = "CriteoPublisherSdk"
            ReferencedContainer = "container:CriteoPublisherSdk.xcodeproj">
         </BuildableReference>
      </MacroExpansion>
      <LocationScenarioReference
         identifier = "com.apple.dt.IDEFoundation.CurrentLocationScenarioIdentifier"
         referenceType = "1">
      </LocationScenarioReference>
   </LaunchAction>
   <ProfileAction
      buildConfiguration = "Release"
      shouldUseLaunchSchemeArgsEnv = "YES"
      savedToolIdentifier = ""
      useCustomWorkingDirectory = "NO"
      debugDocumentVersioning = "YES">
      <MacroExpansion>
         <BuildableReference
            BuildableIdentifier = "primary"
            BlueprintIdentifier = "25BD5B562220D16D004DE311"
            BuildableName = "CriteoPublisherSdk.framework"
            BlueprintName = "CriteoPublisherSdk"
            ReferencedContainer = "container:CriteoPublisherSdk.xcodeproj">
         </BuildableReference>
      </MacroExpansion>
   </ProfileAction>
   <AnalyzeAction
      buildConfiguration = "Debug">
   </AnalyzeAction>
   <ArchiveAction
      buildConfiguration = "Release"
      revealArchiveInOrganizer = "YES">
   </ArchiveAction>
</Scheme>
