// !$*UTF8*$!
{
	archiveVersion = 1;
	classes = {
	};
	objectVersion = 50;
	objects = {

/* Begin PBXBuildFile section */
		54FC7DAA22F4136100202164 /* CriteoGoogleAdapter.framework in Frameworks */ = {isa = PBXBuildFile; fileRef = 54FC7DA022F4136100202164 /* CriteoGoogleAdapter.framework */; };
		54FC7DAF22F4136100202164 /* CRInterstitialCustomEventTests.m in Sources */ = {isa = PBXBuildFile; fileRef = 54FC7DAE22F4136100202164 /* CRInterstitialCustomEventTests.m */; };
		54FC7DBC22F4147100202164 /* CRInterstitialCustomEvent.h in Headers */ = {isa = PBXBuildFile; fileRef = 54FC7DBA22F4147100202164 /* CRInterstitialCustomEvent.h */; };
		54FC7DBD22F4147100202164 /* CRInterstitialCustomEvent.m in Sources */ = {isa = PBXBuildFile; fileRef = 54FC7DBB22F4147100202164 /* CRInterstitialCustomEvent.m */; };
		DB23326EE6E5176F8EDB3D26 /* libPods-CriteoGoogleAdapter.a in Frameworks */ = {isa = PBXBuildFile; fileRef = C38561706CD4E4F98173E6DB /* libPods-CriteoGoogleAdapter.a */; };
		F5028AD37CE0816B585161BA /* libPods-CriteoGoogleAdapterTests.a in Frameworks */ = {isa = PBXBuildFile; fileRef = 0E77597F1C95DC9743C35250 /* libPods-CriteoGoogleAdapterTests.a */; };
/* End PBXBuildFile section */

/* Begin PBXContainerItemProxy section */
		54FC7DAB22F4136100202164 /* PBXContainerItemProxy */ = {
			isa = PBXContainerItemProxy;
			containerPortal = 54FC7D9722F4136100202164 /* Project object */;
			proxyType = 1;
			remoteGlobalIDString = 54FC7D9F22F4136100202164;
			remoteInfo = CriteoGoogleAdapter;
		};
/* End PBXContainerItemProxy section */

/* Begin PBXFileReference section */
		0E77597F1C95DC9743C35250 /* libPods-CriteoGoogleAdapterTests.a */ = {isa = PBXFileReference; explicitFileType = archive.ar; includeInIndex = 0; path = "libPods-CriteoGoogleAdapterTests.a"; sourceTree = BUILT_PRODUCTS_DIR; };
		514E2F87BA4BAEFF873991A8 /* Pods-CriteoGoogleAdapter.release.xcconfig */ = {isa = PBXFileReference; includeInIndex = 1; lastKnownFileType = text.xcconfig; name = "Pods-CriteoGoogleAdapter.release.xcconfig"; path = "Target Support Files/Pods-CriteoGoogleAdapter/Pods-CriteoGoogleAdapter.release.xcconfig"; sourceTree = "<group>"; };
		54FC7DA022F4136100202164 /* CriteoGoogleAdapter.framework */ = {isa = PBXFileReference; explicitFileType = wrapper.framework; includeInIndex = 0; path = CriteoGoogleAdapter.framework; sourceTree = BUILT_PRODUCTS_DIR; };
		54FC7DA422F4136100202164 /* Info.plist */ = {isa = PBXFileReference; lastKnownFileType = text.plist.xml; path = Info.plist; sourceTree = "<group>"; };
		54FC7DA922F4136100202164 /* CriteoGoogleAdapterTests.xctest */ = {isa = PBXFileReference; explicitFileType = wrapper.cfbundle; includeInIndex = 0; path = CriteoGoogleAdapterTests.xctest; sourceTree = BUILT_PRODUCTS_DIR; };
		54FC7DAE22F4136100202164 /* CRInterstitialCustomEventTests.m */ = {isa = PBXFileReference; lastKnownFileType = sourcecode.c.objc; path = CRInterstitialCustomEventTests.m; sourceTree = "<group>"; };
		54FC7DB022F4136100202164 /* Info.plist */ = {isa = PBXFileReference; lastKnownFileType = text.plist.xml; path = Info.plist; sourceTree = "<group>"; };
		54FC7DBA22F4147100202164 /* CRInterstitialCustomEvent.h */ = {isa = PBXFileReference; lastKnownFileType = sourcecode.c.h; path = CRInterstitialCustomEvent.h; sourceTree = "<group>"; };
		54FC7DBB22F4147100202164 /* CRInterstitialCustomEvent.m */ = {isa = PBXFileReference; lastKnownFileType = sourcecode.c.objc; path = CRInterstitialCustomEvent.m; sourceTree = "<group>"; };
		A8C2D2EDA3758BEA44324932 /* Pods-CriteoGoogleAdapterTests.release.xcconfig */ = {isa = PBXFileReference; includeInIndex = 1; lastKnownFileType = text.xcconfig; name = "Pods-CriteoGoogleAdapterTests.release.xcconfig"; path = "Target Support Files/Pods-CriteoGoogleAdapterTests/Pods-CriteoGoogleAdapterTests.release.xcconfig"; sourceTree = "<group>"; };
		C38561706CD4E4F98173E6DB /* libPods-CriteoGoogleAdapter.a */ = {isa = PBXFileReference; explicitFileType = archive.ar; includeInIndex = 0; path = "libPods-CriteoGoogleAdapter.a"; sourceTree = BUILT_PRODUCTS_DIR; };
		D340331FB0985BE3CB72D7E1 /* Pods-CriteoGoogleAdapter.debug.xcconfig */ = {isa = PBXFileReference; includeInIndex = 1; lastKnownFileType = text.xcconfig; name = "Pods-CriteoGoogleAdapter.debug.xcconfig"; path = "Target Support Files/Pods-CriteoGoogleAdapter/Pods-CriteoGoogleAdapter.debug.xcconfig"; sourceTree = "<group>"; };
		D86F51064EF68A945AAE98C7 /* Pods-CriteoGoogleAdapterTests.debug.xcconfig */ = {isa = PBXFileReference; includeInIndex = 1; lastKnownFileType = text.xcconfig; name = "Pods-CriteoGoogleAdapterTests.debug.xcconfig"; path = "Target Support Files/Pods-CriteoGoogleAdapterTests/Pods-CriteoGoogleAdapterTests.debug.xcconfig"; sourceTree = "<group>"; };
/* End PBXFileReference section */

/* Begin PBXFrameworksBuildPhase section */
		54FC7D9D22F4136100202164 /* Frameworks */ = {
			isa = PBXFrameworksBuildPhase;
			buildActionMask = 2147483647;
			files = (
				DB23326EE6E5176F8EDB3D26 /* libPods-CriteoGoogleAdapter.a in Frameworks */,
			);
			runOnlyForDeploymentPostprocessing = 0;
		};
		54FC7DA622F4136100202164 /* Frameworks */ = {
			isa = PBXFrameworksBuildPhase;
			buildActionMask = 2147483647;
			files = (
				54FC7DAA22F4136100202164 /* CriteoGoogleAdapter.framework in Frameworks */,
				F5028AD37CE0816B585161BA /* libPods-CriteoGoogleAdapterTests.a in Frameworks */,
			);
			runOnlyForDeploymentPostprocessing = 0;
		};
/* End PBXFrameworksBuildPhase section */

/* Begin PBXGroup section */
		3CF2926D760C675680C3BA20 /* Frameworks */ = {
			isa = PBXGroup;
			children = (
				C38561706CD4E4F98173E6DB /* libPods-CriteoGoogleAdapter.a */,
				0E77597F1C95DC9743C35250 /* libPods-CriteoGoogleAdapterTests.a */,
			);
			name = Frameworks;
			sourceTree = "<group>";
		};
		54FC7D9622F4136100202164 = {
			isa = PBXGroup;
			children = (
				54FC7DA222F4136100202164 /* CriteoGoogleAdapter */,
				54FC7DAD22F4136100202164 /* CriteoGoogleAdapterTests */,
				54FC7DA122F4136100202164 /* Products */,
				60DB79F49722C886D2BA3E9E /* Pods */,
				3CF2926D760C675680C3BA20 /* Frameworks */,
			);
			sourceTree = "<group>";
		};
		54FC7DA122F4136100202164 /* Products */ = {
			isa = PBXGroup;
			children = (
				54FC7DA022F4136100202164 /* CriteoGoogleAdapter.framework */,
				54FC7DA922F4136100202164 /* CriteoGoogleAdapterTests.xctest */,
			);
			name = Products;
			sourceTree = "<group>";
		};
		54FC7DA222F4136100202164 /* CriteoGoogleAdapter */ = {
			isa = PBXGroup;
			children = (
				54FC7DA422F4136100202164 /* Info.plist */,
				54FC7DBA22F4147100202164 /* CRInterstitialCustomEvent.h */,
				54FC7DBB22F4147100202164 /* CRInterstitialCustomEvent.m */,
			);
			path = CriteoGoogleAdapter;
			sourceTree = "<group>";
		};
		54FC7DAD22F4136100202164 /* CriteoGoogleAdapterTests */ = {
			isa = PBXGroup;
			children = (
				54FC7DAE22F4136100202164 /* CRInterstitialCustomEventTests.m */,
				54FC7DB022F4136100202164 /* Info.plist */,
			);
			path = CriteoGoogleAdapterTests;
			sourceTree = "<group>";
		};
		60DB79F49722C886D2BA3E9E /* Pods */ = {
			isa = PBXGroup;
			children = (
				D340331FB0985BE3CB72D7E1 /* Pods-CriteoGoogleAdapter.debug.xcconfig */,
				514E2F87BA4BAEFF873991A8 /* Pods-CriteoGoogleAdapter.release.xcconfig */,
				D86F51064EF68A945AAE98C7 /* Pods-CriteoGoogleAdapterTests.debug.xcconfig */,
				A8C2D2EDA3758BEA44324932 /* Pods-CriteoGoogleAdapterTests.release.xcconfig */,
			);
			path = Pods;
			sourceTree = "<group>";
		};
/* End PBXGroup section */

/* Begin PBXHeadersBuildPhase section */
		54FC7D9B22F4136100202164 /* Headers */ = {
			isa = PBXHeadersBuildPhase;
			buildActionMask = 2147483647;
			files = (
				54FC7DBC22F4147100202164 /* CRInterstitialCustomEvent.h in Headers */,
			);
			runOnlyForDeploymentPostprocessing = 0;
		};
/* End PBXHeadersBuildPhase section */

/* Begin PBXNativeTarget section */
		54FC7D9F22F4136100202164 /* CriteoGoogleAdapter */ = {
			isa = PBXNativeTarget;
			buildConfigurationList = 54FC7DB422F4136100202164 /* Build configuration list for PBXNativeTarget "CriteoGoogleAdapter" */;
			buildPhases = (
				51835444EE059CF5859B1C31 /* [CP] Check Pods Manifest.lock */,
				54FC7D9B22F4136100202164 /* Headers */,
				54FC7D9C22F4136100202164 /* Sources */,
				54FC7D9D22F4136100202164 /* Frameworks */,
				54FC7D9E22F4136100202164 /* Resources */,
			);
			buildRules = (
			);
			dependencies = (
			);
			name = CriteoGoogleAdapter;
			productName = CriteoGoogleAdapter;
			productReference = 54FC7DA022F4136100202164 /* CriteoGoogleAdapter.framework */;
			productType = "com.apple.product-type.framework";
		};
		54FC7DA822F4136100202164 /* CriteoGoogleAdapterTests */ = {
			isa = PBXNativeTarget;
			buildConfigurationList = 54FC7DB722F4136100202164 /* Build configuration list for PBXNativeTarget "CriteoGoogleAdapterTests" */;
			buildPhases = (
				D55568212CAB32FF24634C88 /* [CP] Check Pods Manifest.lock */,
				54FC7DA522F4136100202164 /* Sources */,
				54FC7DA622F4136100202164 /* Frameworks */,
				54FC7DA722F4136100202164 /* Resources */,
			);
			buildRules = (
			);
			dependencies = (
				54FC7DAC22F4136100202164 /* PBXTargetDependency */,
			);
			name = CriteoGoogleAdapterTests;
			productName = CriteoGoogleAdapterTests;
			productReference = 54FC7DA922F4136100202164 /* CriteoGoogleAdapterTests.xctest */;
			productType = "com.apple.product-type.bundle.unit-test";
		};
/* End PBXNativeTarget section */

/* Begin PBXProject section */
		54FC7D9722F4136100202164 /* Project object */ = {
			isa = PBXProject;
			attributes = {
				LastUpgradeCheck = 1020;
				ORGANIZATIONNAME = "Sneha Pathrose";
				TargetAttributes = {
					54FC7D9F22F4136100202164 = {
						CreatedOnToolsVersion = 10.2.1;
					};
					54FC7DA822F4136100202164 = {
						CreatedOnToolsVersion = 10.2.1;
					};
				};
			};
			buildConfigurationList = 54FC7D9A22F4136100202164 /* Build configuration list for PBXProject "CriteoGoogleAdapter" */;
			compatibilityVersion = "Xcode 9.3";
			developmentRegion = en;
			hasScannedForEncodings = 0;
			knownRegions = (
				en,
			);
			mainGroup = 54FC7D9622F4136100202164;
			productRefGroup = 54FC7DA122F4136100202164 /* Products */;
			projectDirPath = "";
			projectRoot = "";
			targets = (
				54FC7D9F22F4136100202164 /* CriteoGoogleAdapter */,
				54FC7DA822F4136100202164 /* CriteoGoogleAdapterTests */,
			);
		};
/* End PBXProject section */

/* Begin PBXResourcesBuildPhase section */
		54FC7D9E22F4136100202164 /* Resources */ = {
			isa = PBXResourcesBuildPhase;
			buildActionMask = 2147483647;
			files = (
			);
			runOnlyForDeploymentPostprocessing = 0;
		};
		54FC7DA722F4136100202164 /* Resources */ = {
			isa = PBXResourcesBuildPhase;
			buildActionMask = 2147483647;
			files = (
			);
			runOnlyForDeploymentPostprocessing = 0;
		};
/* End PBXResourcesBuildPhase section */

/* Begin PBXShellScriptBuildPhase section */
		51835444EE059CF5859B1C31 /* [CP] Check Pods Manifest.lock */ = {
			isa = PBXShellScriptBuildPhase;
			buildActionMask = 2147483647;
			files = (
			);
			inputFileListPaths = (
			);
			inputPaths = (
				"${PODS_PODFILE_DIR_PATH}/Podfile.lock",
				"${PODS_ROOT}/Manifest.lock",
			);
			name = "[CP] Check Pods Manifest.lock";
			outputFileListPaths = (
			);
			outputPaths = (
				"$(DERIVED_FILE_DIR)/Pods-CriteoGoogleAdapter-checkManifestLockResult.txt",
			);
			runOnlyForDeploymentPostprocessing = 0;
			shellPath = /bin/sh;
			shellScript = "diff \"${PODS_PODFILE_DIR_PATH}/Podfile.lock\" \"${PODS_ROOT}/Manifest.lock\" > /dev/null\nif [ $? != 0 ] ; then\n    # print error to STDERR\n    echo \"error: The sandbox is not in sync with the Podfile.lock. Run 'pod install' or update your CocoaPods installation.\" >&2\n    exit 1\nfi\n# This output is used by Xcode 'outputs' to avoid re-running this script phase.\necho \"SUCCESS\" > \"${SCRIPT_OUTPUT_FILE_0}\"\n";
			showEnvVarsInLog = 0;
		};
		D55568212CAB32FF24634C88 /* [CP] Check Pods Manifest.lock */ = {
			isa = PBXShellScriptBuildPhase;
			buildActionMask = 2147483647;
			files = (
			);
			inputFileListPaths = (
			);
			inputPaths = (
				"${PODS_PODFILE_DIR_PATH}/Podfile.lock",
				"${PODS_ROOT}/Manifest.lock",
			);
			name = "[CP] Check Pods Manifest.lock";
			outputFileListPaths = (
			);
			outputPaths = (
				"$(DERIVED_FILE_DIR)/Pods-CriteoGoogleAdapterTests-checkManifestLockResult.txt",
			);
			runOnlyForDeploymentPostprocessing = 0;
			shellPath = /bin/sh;
			shellScript = "diff \"${PODS_PODFILE_DIR_PATH}/Podfile.lock\" \"${PODS_ROOT}/Manifest.lock\" > /dev/null\nif [ $? != 0 ] ; then\n    # print error to STDERR\n    echo \"error: The sandbox is not in sync with the Podfile.lock. Run 'pod install' or update your CocoaPods installation.\" >&2\n    exit 1\nfi\n# This output is used by Xcode 'outputs' to avoid re-running this script phase.\necho \"SUCCESS\" > \"${SCRIPT_OUTPUT_FILE_0}\"\n";
			showEnvVarsInLog = 0;
		};
/* End PBXShellScriptBuildPhase section */

/* Begin PBXSourcesBuildPhase section */
		54FC7D9C22F4136100202164 /* Sources */ = {
			isa = PBXSourcesBuildPhase;
			buildActionMask = 2147483647;
			files = (
				54FC7DBD22F4147100202164 /* CRInterstitialCustomEvent.m in Sources */,
			);
			runOnlyForDeploymentPostprocessing = 0;
		};
		54FC7DA522F4136100202164 /* Sources */ = {
			isa = PBXSourcesBuildPhase;
			buildActionMask = 2147483647;
			files = (
				54FC7DAF22F4136100202164 /* CRInterstitialCustomEventTests.m in Sources */,
			);
			runOnlyForDeploymentPostprocessing = 0;
		};
/* End PBXSourcesBuildPhase section */

/* Begin PBXTargetDependency section */
		54FC7DAC22F4136100202164 /* PBXTargetDependency */ = {
			isa = PBXTargetDependency;
			target = 54FC7D9F22F4136100202164 /* CriteoGoogleAdapter */;
			targetProxy = 54FC7DAB22F4136100202164 /* PBXContainerItemProxy */;
		};
/* End PBXTargetDependency section */

/* Begin XCBuildConfiguration section */
		54FC7DB222F4136100202164 /* Debug */ = {
			isa = XCBuildConfiguration;
			buildSettings = {
				ALWAYS_SEARCH_USER_PATHS = NO;
				CLANG_ANALYZER_NONNULL = YES;
				CLANG_ANALYZER_NUMBER_OBJECT_CONVERSION = YES_AGGRESSIVE;
				CLANG_CXX_LANGUAGE_STANDARD = "gnu++14";
				CLANG_CXX_LIBRARY = "libc++";
				CLANG_ENABLE_MODULES = YES;
				CLANG_ENABLE_OBJC_ARC = YES;
				CLANG_ENABLE_OBJC_WEAK = YES;
				CLANG_WARN_BLOCK_CAPTURE_AUTORELEASING = YES;
				CLANG_WARN_BOOL_CONVERSION = YES;
				CLANG_WARN_COMMA = YES;
				CLANG_WARN_CONSTANT_CONVERSION = YES;
				CLANG_WARN_DEPRECATED_OBJC_IMPLEMENTATIONS = YES;
				CLANG_WARN_DIRECT_OBJC_ISA_USAGE = YES_ERROR;
				CLANG_WARN_DOCUMENTATION_COMMENTS = YES;
				CLANG_WARN_EMPTY_BODY = YES;
				CLANG_WARN_ENUM_CONVERSION = YES;
				CLANG_WARN_INFINITE_RECURSION = YES;
				CLANG_WARN_INT_CONVERSION = YES;
				CLANG_WARN_NON_LITERAL_NULL_CONVERSION = YES;
				CLANG_WARN_OBJC_IMPLICIT_RETAIN_SELF = YES;
				CLANG_WARN_OBJC_LITERAL_CONVERSION = YES;
				CLANG_WARN_OBJC_ROOT_CLASS = YES_ERROR;
				CLANG_WARN_RANGE_LOOP_ANALYSIS = YES;
				CLANG_WARN_STRICT_PROTOTYPES = YES;
				CLANG_WARN_SUSPICIOUS_MOVE = YES;
				CLANG_WARN_UNGUARDED_AVAILABILITY = YES_AGGRESSIVE;
				CLANG_WARN_UNREACHABLE_CODE = YES;
				CLANG_WARN__DUPLICATE_METHOD_MATCH = YES;
				CODE_SIGN_IDENTITY = "iPhone Developer";
				COPY_PHASE_STRIP = NO;
				CURRENT_PROJECT_VERSION = 1;
				DEBUG_INFORMATION_FORMAT = dwarf;
				ENABLE_STRICT_OBJC_MSGSEND = YES;
				ENABLE_TESTABILITY = YES;
				GCC_C_LANGUAGE_STANDARD = gnu11;
				GCC_DYNAMIC_NO_PIC = NO;
				GCC_NO_COMMON_BLOCKS = YES;
				GCC_OPTIMIZATION_LEVEL = 0;
				GCC_PREPROCESSOR_DEFINITIONS = (
					"DEBUG=1",
					"$(inherited)",
				);
				GCC_WARN_64_TO_32_BIT_CONVERSION = YES;
				GCC_WARN_ABOUT_RETURN_TYPE = YES_ERROR;
				GCC_WARN_UNDECLARED_SELECTOR = YES;
				GCC_WARN_UNINITIALIZED_AUTOS = YES_AGGRESSIVE;
				GCC_WARN_UNUSED_FUNCTION = YES;
				GCC_WARN_UNUSED_VARIABLE = YES;
				IPHONEOS_DEPLOYMENT_TARGET = 12.2;
				MACH_O_TYPE = staticlib;
				MTL_ENABLE_DEBUG_INFO = INCLUDE_SOURCE;
				MTL_FAST_MATH = YES;
				ONLY_ACTIVE_ARCH = YES;
				OTHER_LDFLAGS = "-ObjC";
				SDKROOT = iphoneos;
				VERSIONING_SYSTEM = "apple-generic";
				VERSION_INFO_PREFIX = "";
			};
			name = Debug;
		};
		54FC7DB322F4136100202164 /* Release */ = {
			isa = XCBuildConfiguration;
			buildSettings = {
				ALWAYS_SEARCH_USER_PATHS = NO;
				CLANG_ANALYZER_NONNULL = YES;
				CLANG_ANALYZER_NUMBER_OBJECT_CONVERSION = YES_AGGRESSIVE;
				CLANG_CXX_LANGUAGE_STANDARD = "gnu++14";
				CLANG_CXX_LIBRARY = "libc++";
				CLANG_ENABLE_MODULES = YES;
				CLANG_ENABLE_OBJC_ARC = YES;
				CLANG_ENABLE_OBJC_WEAK = YES;
				CLANG_WARN_BLOCK_CAPTURE_AUTORELEASING = YES;
				CLANG_WARN_BOOL_CONVERSION = YES;
				CLANG_WARN_COMMA = YES;
				CLANG_WARN_CONSTANT_CONVERSION = YES;
				CLANG_WARN_DEPRECATED_OBJC_IMPLEMENTATIONS = YES;
				CLANG_WARN_DIRECT_OBJC_ISA_USAGE = YES_ERROR;
				CLANG_WARN_DOCUMENTATION_COMMENTS = YES;
				CLANG_WARN_EMPTY_BODY = YES;
				CLANG_WARN_ENUM_CONVERSION = YES;
				CLANG_WARN_INFINITE_RECURSION = YES;
				CLANG_WARN_INT_CONVERSION = YES;
				CLANG_WARN_NON_LITERAL_NULL_CONVERSION = YES;
				CLANG_WARN_OBJC_IMPLICIT_RETAIN_SELF = YES;
				CLANG_WARN_OBJC_LITERAL_CONVERSION = YES;
				CLANG_WARN_OBJC_ROOT_CLASS = YES_ERROR;
				CLANG_WARN_RANGE_LOOP_ANALYSIS = YES;
				CLANG_WARN_STRICT_PROTOTYPES = YES;
				CLANG_WARN_SUSPICIOUS_MOVE = YES;
				CLANG_WARN_UNGUARDED_AVAILABILITY = YES_AGGRESSIVE;
				CLANG_WARN_UNREACHABLE_CODE = YES;
				CLANG_WARN__DUPLICATE_METHOD_MATCH = YES;
				CODE_SIGN_IDENTITY = "iPhone Developer";
				COPY_PHASE_STRIP = NO;
				CURRENT_PROJECT_VERSION = 1;
				DEBUG_INFORMATION_FORMAT = "dwarf-with-dsym";
				ENABLE_NS_ASSERTIONS = NO;
				ENABLE_STRICT_OBJC_MSGSEND = YES;
				GCC_C_LANGUAGE_STANDARD = gnu11;
				GCC_NO_COMMON_BLOCKS = YES;
				GCC_WARN_64_TO_32_BIT_CONVERSION = YES;
				GCC_WARN_ABOUT_RETURN_TYPE = YES_ERROR;
				GCC_WARN_UNDECLARED_SELECTOR = YES;
				GCC_WARN_UNINITIALIZED_AUTOS = YES_AGGRESSIVE;
				GCC_WARN_UNUSED_FUNCTION = YES;
				GCC_WARN_UNUSED_VARIABLE = YES;
				IPHONEOS_DEPLOYMENT_TARGET = 12.2;
				MACH_O_TYPE = staticlib;
				MTL_ENABLE_DEBUG_INFO = NO;
				MTL_FAST_MATH = YES;
				OTHER_LDFLAGS = "-ObjC";
				SDKROOT = iphoneos;
				VALIDATE_PRODUCT = YES;
				VERSIONING_SYSTEM = "apple-generic";
				VERSION_INFO_PREFIX = "";
			};
			name = Release;
		};
		54FC7DB522F4136100202164 /* Debug */ = {
			isa = XCBuildConfiguration;
			baseConfigurationReference = D340331FB0985BE3CB72D7E1 /* Pods-CriteoGoogleAdapter.debug.xcconfig */;
			buildSettings = {
				CODE_SIGN_IDENTITY = "";
				CODE_SIGN_STYLE = Automatic;
				DEFINES_MODULE = YES;
				DEVELOPMENT_TEAM = S655EV5659;
				DYLIB_COMPATIBILITY_VERSION = 1;
				DYLIB_CURRENT_VERSION = 1;
				DYLIB_INSTALL_NAME_BASE = "@rpath";
				INFOPLIST_FILE = CriteoGoogleAdapter/Info.plist;
				INSTALL_PATH = "$(LOCAL_LIBRARY_DIR)/Frameworks";
				LD_RUNPATH_SEARCH_PATHS = (
					"$(inherited)",
					"@executable_path/Frameworks",
					"@loader_path/Frameworks",
				);
				MACH_O_TYPE = staticlib;
				PRODUCT_BUNDLE_IDENTIFIER = com.Criteo.CriteoGoogleAdapter;
				PRODUCT_NAME = "$(TARGET_NAME:c99extidentifier)";
				SKIP_INSTALL = YES;
				TARGETED_DEVICE_FAMILY = "1,2";
			};
			name = Debug;
		};
		54FC7DB622F4136100202164 /* Release */ = {
			isa = XCBuildConfiguration;
			baseConfigurationReference = 514E2F87BA4BAEFF873991A8 /* Pods-CriteoGoogleAdapter.release.xcconfig */;
			buildSettings = {
				CODE_SIGN_IDENTITY = "";
				CODE_SIGN_STYLE = Automatic;
				DEFINES_MODULE = YES;
				DEVELOPMENT_TEAM = S655EV5659;
				DYLIB_COMPATIBILITY_VERSION = 1;
				DYLIB_CURRENT_VERSION = 1;
				DYLIB_INSTALL_NAME_BASE = "@rpath";
				INFOPLIST_FILE = CriteoGoogleAdapter/Info.plist;
				INSTALL_PATH = "$(LOCAL_LIBRARY_DIR)/Frameworks";
				LD_RUNPATH_SEARCH_PATHS = (
					"$(inherited)",
					"@executable_path/Frameworks",
					"@loader_path/Frameworks",
				);
				MACH_O_TYPE = staticlib;
				PRODUCT_BUNDLE_IDENTIFIER = com.Criteo.CriteoGoogleAdapter;
				PRODUCT_NAME = "$(TARGET_NAME:c99extidentifier)";
				SKIP_INSTALL = YES;
				TARGETED_DEVICE_FAMILY = "1,2";
			};
			name = Release;
		};
		54FC7DB822F4136100202164 /* Debug */ = {
			isa = XCBuildConfiguration;
			baseConfigurationReference = D86F51064EF68A945AAE98C7 /* Pods-CriteoGoogleAdapterTests.debug.xcconfig */;
			buildSettings = {
				CODE_SIGN_STYLE = Automatic;
				DEVELOPMENT_TEAM = S655EV5659;
				INFOPLIST_FILE = CriteoGoogleAdapterTests/Info.plist;
				LD_RUNPATH_SEARCH_PATHS = (
					"$(inherited)",
					"@executable_path/Frameworks",
					"@loader_path/Frameworks",
				);
				MACH_O_TYPE = mh_bundle;
				PRODUCT_BUNDLE_IDENTIFIER = com.Criteo.CriteoGoogleAdapterTests;
				PRODUCT_NAME = "$(TARGET_NAME)";
				TARGETED_DEVICE_FAMILY = "1,2";
			};
			name = Debug;
		};
		54FC7DB922F4136100202164 /* Release */ = {
			isa = XCBuildConfiguration;
			baseConfigurationReference = A8C2D2EDA3758BEA44324932 /* Pods-CriteoGoogleAdapterTests.release.xcconfig */;
			buildSettings = {
				CODE_SIGN_STYLE = Automatic;
				DEVELOPMENT_TEAM = S655EV5659;
				INFOPLIST_FILE = CriteoGoogleAdapterTests/Info.plist;
				LD_RUNPATH_SEARCH_PATHS = (
					"$(inherited)",
					"@executable_path/Frameworks",
					"@loader_path/Frameworks",
				);
				MACH_O_TYPE = mh_bundle;
				PRODUCT_BUNDLE_IDENTIFIER = com.Criteo.CriteoGoogleAdapterTests;
				PRODUCT_NAME = "$(TARGET_NAME)";
				TARGETED_DEVICE_FAMILY = "1,2";
			};
			name = Release;
		};
/* End XCBuildConfiguration section */

/* Begin XCConfigurationList section */
		54FC7D9A22F4136100202164 /* Build configuration list for PBXProject "CriteoGoogleAdapter" */ = {
			isa = XCConfigurationList;
			buildConfigurations = (
				54FC7DB222F4136100202164 /* Debug */,
				54FC7DB322F4136100202164 /* Release */,
			);
			defaultConfigurationIsVisible = 0;
			defaultConfigurationName = Release;
		};
		54FC7DB422F4136100202164 /* Build configuration list for PBXNativeTarget "CriteoGoogleAdapter" */ = {
			isa = XCConfigurationList;
			buildConfigurations = (
				54FC7DB522F4136100202164 /* Debug */,
				54FC7DB622F4136100202164 /* Release */,
			);
			defaultConfigurationIsVisible = 0;
			defaultConfigurationName = Release;
		};
		54FC7DB722F4136100202164 /* Build configuration list for PBXNativeTarget "CriteoGoogleAdapterTests" */ = {
			isa = XCConfigurationList;
			buildConfigurations = (
				54FC7DB822F4136100202164 /* Debug */,
				54FC7DB922F4136100202164 /* Release */,
			);
			defaultConfigurationIsVisible = 0;
			defaultConfigurationName = Release;
		};
/* End XCConfigurationList section */
	};
	rootObject = 54FC7D9722F4136100202164 /* Project object */;
}
