// !$*UTF8*$!
{
	archiveVersion = 1;
	classes = {
	};
	objectVersion = 50;
	objects = {

/* Begin PBXBuildFile section */
		4077EBA9218BC48300C41E68 /* AppDelegate.m in Sources */ = {isa = PBXBuildFile; fileRef = 4077EBA8218BC48300C41E68 /* AppDelegate.m */; };
		4077EBAC218BC48300C41E68 /* HomePageViewConroller.m in Sources */ = {isa = PBXBuildFile; fileRef = 4077EBAB218BC48300C41E68 /* HomePageViewConroller.m */; };
		4077EBAF218BC48300C41E68 /* Main.storyboard in Resources */ = {isa = PBXBuildFile; fileRef = 4077EBAD218BC48300C41E68 /* Main.storyboard */; };
		4077EBB1218BC48300C41E68 /* Assets.xcassets in Resources */ = {isa = PBXBuildFile; fileRef = 4077EBB0218BC48300C41E68 /* Assets.xcassets */; };
		4077EBB4218BC48300C41E68 /* LaunchScreen.storyboard in Resources */ = {isa = PBXBuildFile; fileRef = 4077EBB2218BC48300C41E68 /* LaunchScreen.storyboard */; };
		4077EBB7218BC48300C41E68 /* main.m in Sources */ = {isa = PBXBuildFile; fileRef = 4077EBB6218BC48300C41E68 /* main.m */; };
		4077EBC1218BC48400C41E68 /* AdViewerTests.m in Sources */ = {isa = PBXBuildFile; fileRef = 4077EBC0218BC48400C41E68 /* AdViewerTests.m */; };
		4077EBCC218BC48400C41E68 /* AdViewerUITests.m in Sources */ = {isa = PBXBuildFile; fileRef = 4077EBCB218BC48400C41E68 /* AdViewerUITests.m */; };
		4077EBDC218CC2F500C41E68 /* BasicTestOfNothing.m in Sources */ = {isa = PBXBuildFile; fileRef = 4077EBDB218CC2F500C41E68 /* BasicTestOfNothing.m */; };
/* End PBXBuildFile section */

/* Begin PBXContainerItemProxy section */
		4077EBBD218BC48400C41E68 /* PBXContainerItemProxy */ = {
			isa = PBXContainerItemProxy;
			containerPortal = 4077EB9C218BC48300C41E68 /* Project object */;
			proxyType = 1;
			remoteGlobalIDString = 4077EBA3218BC48300C41E68;
			remoteInfo = AdViewer;
		};
		4077EBC8218BC48400C41E68 /* PBXContainerItemProxy */ = {
			isa = PBXContainerItemProxy;
			containerPortal = 4077EB9C218BC48300C41E68 /* Project object */;
			proxyType = 1;
			remoteGlobalIDString = 4077EBA3218BC48300C41E68;
			remoteInfo = AdViewer;
		};
/* End PBXContainerItemProxy section */

/* Begin PBXFileReference section */
		4077EBA4218BC48300C41E68 /* AdViewer.app */ = {isa = PBXFileReference; explicitFileType = wrapper.application; includeInIndex = 0; path = AdViewer.app; sourceTree = BUILT_PRODUCTS_DIR; };
		4077EBA7218BC48300C41E68 /* AppDelegate.h */ = {isa = PBXFileReference; lastKnownFileType = sourcecode.c.h; path = AppDelegate.h; sourceTree = "<group>"; };
		4077EBA8218BC48300C41E68 /* AppDelegate.m */ = {isa = PBXFileReference; lastKnownFileType = sourcecode.c.objc; path = AppDelegate.m; sourceTree = "<group>"; };
		4077EBAA218BC48300C41E68 /* HomePageViewConroller.h */ = {isa = PBXFileReference; lastKnownFileType = sourcecode.c.h; path = HomePageViewConroller.h; sourceTree = "<group>"; };
		4077EBAB218BC48300C41E68 /* HomePageViewConroller.m */ = {isa = PBXFileReference; lastKnownFileType = sourcecode.c.objc; path = HomePageViewConroller.m; sourceTree = "<group>"; };
		4077EBAE218BC48300C41E68 /* Base */ = {isa = PBXFileReference; lastKnownFileType = file.storyboard; name = Base; path = Base.lproj/Main.storyboard; sourceTree = "<group>"; };
		4077EBB0218BC48300C41E68 /* Assets.xcassets */ = {isa = PBXFileReference; lastKnownFileType = folder.assetcatalog; path = Assets.xcassets; sourceTree = "<group>"; };
		4077EBB3218BC48300C41E68 /* Base */ = {isa = PBXFileReference; lastKnownFileType = file.storyboard; name = Base; path = Base.lproj/LaunchScreen.storyboard; sourceTree = "<group>"; };
		4077EBB5218BC48300C41E68 /* Info.plist */ = {isa = PBXFileReference; lastKnownFileType = text.plist.xml; path = Info.plist; sourceTree = "<group>"; };
		4077EBB6218BC48300C41E68 /* main.m */ = {isa = PBXFileReference; lastKnownFileType = sourcecode.c.objc; path = main.m; sourceTree = "<group>"; };
		4077EBBC218BC48400C41E68 /* AdViewerTests.xctest */ = {isa = PBXFileReference; explicitFileType = wrapper.cfbundle; includeInIndex = 0; path = AdViewerTests.xctest; sourceTree = BUILT_PRODUCTS_DIR; };
		4077EBC0218BC48400C41E68 /* AdViewerTests.m */ = {isa = PBXFileReference; lastKnownFileType = sourcecode.c.objc; path = AdViewerTests.m; sourceTree = "<group>"; };
		4077EBC2218BC48400C41E68 /* Info.plist */ = {isa = PBXFileReference; lastKnownFileType = text.plist.xml; path = Info.plist; sourceTree = "<group>"; };
		4077EBC7218BC48400C41E68 /* AdViewerUITests.xctest */ = {isa = PBXFileReference; explicitFileType = wrapper.cfbundle; includeInIndex = 0; path = AdViewerUITests.xctest; sourceTree = BUILT_PRODUCTS_DIR; };
		4077EBCB218BC48400C41E68 /* AdViewerUITests.m */ = {isa = PBXFileReference; lastKnownFileType = sourcecode.c.objc; path = AdViewerUITests.m; sourceTree = "<group>"; };
		4077EBCD218BC48400C41E68 /* Info.plist */ = {isa = PBXFileReference; lastKnownFileType = text.plist.xml; path = Info.plist; sourceTree = "<group>"; };
		4077EBDB218CC2F500C41E68 /* BasicTestOfNothing.m */ = {isa = PBXFileReference; lastKnownFileType = sourcecode.c.objc; name = BasicTestOfNothing.m; path = "/Users/y.paulikau/Documents/Repos/pub-sdk/fuji/AdViewer/AdViewerTests/BasicTestOfNothing.m"; sourceTree = "<absolute>"; };
/* End PBXFileReference section */

/* Begin PBXFrameworksBuildPhase section */
		4077EBA1218BC48300C41E68 /* Frameworks */ = {
			isa = PBXFrameworksBuildPhase;
			buildActionMask = 2147483647;
			files = (
			);
			runOnlyForDeploymentPostprocessing = 0;
		};
		4077EBB9218BC48400C41E68 /* Frameworks */ = {
			isa = PBXFrameworksBuildPhase;
			buildActionMask = 2147483647;
			files = (
			);
			runOnlyForDeploymentPostprocessing = 0;
		};
		4077EBC4218BC48400C41E68 /* Frameworks */ = {
			isa = PBXFrameworksBuildPhase;
			buildActionMask = 2147483647;
			files = (
			);
			runOnlyForDeploymentPostprocessing = 0;
		};
/* End PBXFrameworksBuildPhase section */

/* Begin PBXGroup section */
		4077EB9B218BC48300C41E68 = {
			isa = PBXGroup;
			children = (
				4077EBA6218BC48300C41E68 /* AdViewer */,
				4077EBBF218BC48400C41E68 /* AdViewerTests */,
				4077EBCA218BC48400C41E68 /* AdViewerUITests */,
				4077EBA5218BC48300C41E68 /* Products */,
			);
			sourceTree = "<group>";
		};
		4077EBA5218BC48300C41E68 /* Products */ = {
			isa = PBXGroup;
			children = (
				4077EBA4218BC48300C41E68 /* AdViewer.app */,
				4077EBBC218BC48400C41E68 /* AdViewerTests.xctest */,
				4077EBC7218BC48400C41E68 /* AdViewerUITests.xctest */,
			);
			name = Products;
			sourceTree = "<group>";
		};
		4077EBA6218BC48300C41E68 /* AdViewer */ = {
			isa = PBXGroup;
			children = (
				4077EBD9218CB5C000C41E68 /* Splash */,
				4077EBDA218CB5E700C41E68 /* HomePage */,
				4077EBA7218BC48300C41E68 /* AppDelegate.h */,
				4077EBA8218BC48300C41E68 /* AppDelegate.m */,
				4077EBB0218BC48300C41E68 /* Assets.xcassets */,
				4077EBAD218BC48300C41E68 /* Main.storyboard */,
				4077EBB5218BC48300C41E68 /* Info.plist */,
				4077EBB6218BC48300C41E68 /* main.m */,
			);
			path = AdViewer;
			sourceTree = "<group>";
		};
		4077EBBF218BC48400C41E68 /* AdViewerTests */ = {
			isa = PBXGroup;
			children = (
				4077EBDB218CC2F500C41E68 /* BasicTestOfNothing.m */,
				4077EBC0218BC48400C41E68 /* AdViewerTests.m */,
				4077EBC2218BC48400C41E68 /* Info.plist */,
			);
			path = AdViewerTests;
			sourceTree = "<group>";
		};
		4077EBCA218BC48400C41E68 /* AdViewerUITests */ = {
			isa = PBXGroup;
			children = (
				4077EBCB218BC48400C41E68 /* AdViewerUITests.m */,
				4077EBCD218BC48400C41E68 /* Info.plist */,
			);
			path = AdViewerUITests;
			sourceTree = "<group>";
		};
		4077EBD9218CB5C000C41E68 /* Splash */ = {
			isa = PBXGroup;
			children = (
				4077EBB2218BC48300C41E68 /* LaunchScreen.storyboard */,
			);
			path = Splash;
			sourceTree = "<group>";
		};
		4077EBDA218CB5E700C41E68 /* HomePage */ = {
			isa = PBXGroup;
			children = (
				4077EBAB218BC48300C41E68 /* HomePageViewConroller.m */,
				4077EBAA218BC48300C41E68 /* HomePageViewConroller.h */,
			);
			path = HomePage;
			sourceTree = "<group>";
		};
/* End PBXGroup section */

/* Begin PBXNativeTarget section */
		4077EBA3218BC48300C41E68 /* AdViewer */ = {
			isa = PBXNativeTarget;
			buildConfigurationList = 4077EBD0218BC48400C41E68 /* Build configuration list for PBXNativeTarget "AdViewer" */;
			buildPhases = (
				4077EBA0218BC48300C41E68 /* Sources */,
				4077EBA1218BC48300C41E68 /* Frameworks */,
				4077EBA2218BC48300C41E68 /* Resources */,
			);
			buildRules = (
			);
			dependencies = (
			);
			name = AdViewer;
			productName = AdViewer;
			productReference = 4077EBA4218BC48300C41E68 /* AdViewer.app */;
			productType = "com.apple.product-type.application";
		};
		4077EBBB218BC48400C41E68 /* AdViewerTests */ = {
			isa = PBXNativeTarget;
			buildConfigurationList = 4077EBD3218BC48400C41E68 /* Build configuration list for PBXNativeTarget "AdViewerTests" */;
			buildPhases = (
				4077EBB8218BC48400C41E68 /* Sources */,
				4077EBB9218BC48400C41E68 /* Frameworks */,
				4077EBBA218BC48400C41E68 /* Resources */,
			);
			buildRules = (
			);
			dependencies = (
				4077EBBE218BC48400C41E68 /* PBXTargetDependency */,
			);
			name = AdViewerTests;
			productName = AdViewerTests;
			productReference = 4077EBBC218BC48400C41E68 /* AdViewerTests.xctest */;
			productType = "com.apple.product-type.bundle.unit-test";
		};
		4077EBC6218BC48400C41E68 /* AdViewerUITests */ = {
			isa = PBXNativeTarget;
			buildConfigurationList = 4077EBD6218BC48400C41E68 /* Build configuration list for PBXNativeTarget "AdViewerUITests" */;
			buildPhases = (
				4077EBC3218BC48400C41E68 /* Sources */,
				4077EBC4218BC48400C41E68 /* Frameworks */,
				4077EBC5218BC48400C41E68 /* Resources */,
			);
			buildRules = (
			);
			dependencies = (
				4077EBC9218BC48400C41E68 /* PBXTargetDependency */,
			);
			name = AdViewerUITests;
			productName = AdViewerUITests;
			productReference = 4077EBC7218BC48400C41E68 /* AdViewerUITests.xctest */;
			productType = "com.apple.product-type.bundle.ui-testing";
		};
/* End PBXNativeTarget section */

/* Begin PBXProject section */
		4077EB9C218BC48300C41E68 /* Project object */ = {
			isa = PBXProject;
			attributes = {
				LastUpgradeCheck = 1000;
				ORGANIZATIONNAME = Criteo;
				TargetAttributes = {
					4077EBA3218BC48300C41E68 = {
						CreatedOnToolsVersion = 10.0;
					};
					4077EBBB218BC48400C41E68 = {
						CreatedOnToolsVersion = 10.0;
						TestTargetID = 4077EBA3218BC48300C41E68;
					};
					4077EBC6218BC48400C41E68 = {
						CreatedOnToolsVersion = 10.0;
						TestTargetID = 4077EBA3218BC48300C41E68;
					};
				};
			};
			buildConfigurationList = 4077EB9F218BC48300C41E68 /* Build configuration list for PBXProject "AdViewer" */;
			compatibilityVersion = "Xcode 9.3";
			developmentRegion = en;
			hasScannedForEncodings = 0;
			knownRegions = (
				en,
				Base,
			);
			mainGroup = 4077EB9B218BC48300C41E68;
			productRefGroup = 4077EBA5218BC48300C41E68 /* Products */;
			projectDirPath = "";
			projectRoot = "";
			targets = (
				4077EBA3218BC48300C41E68 /* AdViewer */,
				4077EBBB218BC48400C41E68 /* AdViewerTests */,
				4077EBC6218BC48400C41E68 /* AdViewerUITests */,
			);
		};
/* End PBXProject section */

/* Begin PBXResourcesBuildPhase section */
		4077EBA2218BC48300C41E68 /* Resources */ = {
			isa = PBXResourcesBuildPhase;
			buildActionMask = 2147483647;
			files = (
				4077EBB4218BC48300C41E68 /* LaunchScreen.storyboard in Resources */,
				4077EBB1218BC48300C41E68 /* Assets.xcassets in Resources */,
				4077EBAF218BC48300C41E68 /* Main.storyboard in Resources */,
			);
			runOnlyForDeploymentPostprocessing = 0;
		};
		4077EBBA218BC48400C41E68 /* Resources */ = {
			isa = PBXResourcesBuildPhase;
			buildActionMask = 2147483647;
			files = (
			);
			runOnlyForDeploymentPostprocessing = 0;
		};
		4077EBC5218BC48400C41E68 /* Resources */ = {
			isa = PBXResourcesBuildPhase;
			buildActionMask = 2147483647;
			files = (
			);
			runOnlyForDeploymentPostprocessing = 0;
		};
/* End PBXResourcesBuildPhase section */

/* Begin PBXSourcesBuildPhase section */
		4077EBA0218BC48300C41E68 /* Sources */ = {
			isa = PBXSourcesBuildPhase;
			buildActionMask = 2147483647;
			files = (
				4077EBAC218BC48300C41E68 /* HomePageViewConroller.m in Sources */,
				4077EBB7218BC48300C41E68 /* main.m in Sources */,
				4077EBA9218BC48300C41E68 /* AppDelegate.m in Sources */,
			);
			runOnlyForDeploymentPostprocessing = 0;
		};
		4077EBB8218BC48400C41E68 /* Sources */ = {
			isa = PBXSourcesBuildPhase;
			buildActionMask = 2147483647;
			files = (
				4077EBC1218BC48400C41E68 /* AdViewerTests.m in Sources */,
				4077EBDC218CC2F500C41E68 /* BasicTestOfNothing.m in Sources */,
			);
			runOnlyForDeploymentPostprocessing = 0;
		};
		4077EBC3218BC48400C41E68 /* Sources */ = {
			isa = PBXSourcesBuildPhase;
			buildActionMask = 2147483647;
			files = (
				4077EBCC218BC48400C41E68 /* AdViewerUITests.m in Sources */,
			);
			runOnlyForDeploymentPostprocessing = 0;
		};
/* End PBXSourcesBuildPhase section */

/* Begin PBXTargetDependency section */
		4077EBBE218BC48400C41E68 /* PBXTargetDependency */ = {
			isa = PBXTargetDependency;
			target = 4077EBA3218BC48300C41E68 /* AdViewer */;
			targetProxy = 4077EBBD218BC48400C41E68 /* PBXContainerItemProxy */;
		};
		4077EBC9218BC48400C41E68 /* PBXTargetDependency */ = {
			isa = PBXTargetDependency;
			target = 4077EBA3218BC48300C41E68 /* AdViewer */;
			targetProxy = 4077EBC8218BC48400C41E68 /* PBXContainerItemProxy */;
		};
/* End PBXTargetDependency section */

/* Begin PBXVariantGroup section */
		4077EBAD218BC48300C41E68 /* Main.storyboard */ = {
			isa = PBXVariantGroup;
			children = (
				4077EBAE218BC48300C41E68 /* Base */,
			);
			name = Main.storyboard;
			sourceTree = "<group>";
		};
		4077EBB2218BC48300C41E68 /* LaunchScreen.storyboard */ = {
			isa = PBXVariantGroup;
			children = (
				4077EBB3218BC48300C41E68 /* Base */,
			);
			name = LaunchScreen.storyboard;
			sourceTree = "<group>";
		};
/* End PBXVariantGroup section */

/* Begin XCBuildConfiguration section */
		4077EBCE218BC48400C41E68 /* Debug */ = {
			isa = XCBuildConfiguration;
			buildSettings = {
				ALWAYS_SEARCH_USER_PATHS = NO;
				CLANG_ANALYZER_NONNULL = YES;
				CLANG_ANALYZER_NUMBER_OBJECT_CONVERSION = YES_AGGRESSIVE;
				CLANG_CXX_LANGUAGE_STANDARD = "gnu++14";
				CLANG_CXX_LIBRARY = "libc++";
				CLANG_ENABLE_MODULES = YES;
				CLANG_ENABLE_OBJC_ARC = YES;
				CLANG_ENABLE_OBJC_WEAK = YES;
				CLANG_WARN_BLOCK_CAPTURE_AUTORELEASING = YES;
				CLANG_WARN_BOOL_CONVERSION = YES;
				CLANG_WARN_COMMA = YES;
				CLANG_WARN_CONSTANT_CONVERSION = YES;
				CLANG_WARN_DEPRECATED_OBJC_IMPLEMENTATIONS = YES;
				CLANG_WARN_DIRECT_OBJC_ISA_USAGE = YES_ERROR;
				CLANG_WARN_DOCUMENTATION_COMMENTS = YES;
				CLANG_WARN_EMPTY_BODY = YES;
				CLANG_WARN_ENUM_CONVERSION = YES;
				CLANG_WARN_INFINITE_RECURSION = YES;
				CLANG_WARN_INT_CONVERSION = YES;
				CLANG_WARN_NON_LITERAL_NULL_CONVERSION = YES;
				CLANG_WARN_OBJC_IMPLICIT_RETAIN_SELF = YES;
				CLANG_WARN_OBJC_LITERAL_CONVERSION = YES;
				CLANG_WARN_OBJC_ROOT_CLASS = YES_ERROR;
				CLANG_WARN_RANGE_LOOP_ANALYSIS = YES;
				CLANG_WARN_STRICT_PROTOTYPES = YES;
				CLANG_WARN_SUSPICIOUS_MOVE = YES;
				CLANG_WARN_UNGUARDED_AVAILABILITY = YES_AGGRESSIVE;
				CLANG_WARN_UNREACHABLE_CODE = YES;
				CLANG_WARN__DUPLICATE_METHOD_MATCH = YES;
				CODE_SIGN_IDENTITY = "iPhone Developer";
				COPY_PHASE_STRIP = NO;
				DEBUG_INFORMATION_FORMAT = dwarf;
				ENABLE_STRICT_OBJC_MSGSEND = YES;
				ENABLE_TESTABILITY = YES;
				GCC_C_LANGUAGE_STANDARD = gnu11;
				GCC_DYNAMIC_NO_PIC = NO;
				GCC_NO_COMMON_BLOCKS = YES;
				GCC_OPTIMIZATION_LEVEL = 0;
				GCC_PREPROCESSOR_DEFINITIONS = (
					"DEBUG=1",
					"$(inherited)",
				);
				GCC_WARN_64_TO_32_BIT_CONVERSION = YES;
				GCC_WARN_ABOUT_RETURN_TYPE = YES_ERROR;
				GCC_WARN_UNDECLARED_SELECTOR = YES;
				GCC_WARN_UNINITIALIZED_AUTOS = YES_AGGRESSIVE;
				GCC_WARN_UNUSED_FUNCTION = YES;
				GCC_WARN_UNUSED_VARIABLE = YES;
				IPHONEOS_DEPLOYMENT_TARGET = 12.0;
				MTL_ENABLE_DEBUG_INFO = INCLUDE_SOURCE;
				MTL_FAST_MATH = YES;
				ONLY_ACTIVE_ARCH = YES;
				SDKROOT = iphoneos;
			};
			name = Debug;
		};
		4077EBCF218BC48400C41E68 /* Release */ = {
			isa = XCBuildConfiguration;
			buildSettings = {
				ALWAYS_SEARCH_USER_PATHS = NO;
				CLANG_ANALYZER_NONNULL = YES;
				CLANG_ANALYZER_NUMBER_OBJECT_CONVERSION = YES_AGGRESSIVE;
				CLANG_CXX_LANGUAGE_STANDARD = "gnu++14";
				CLANG_CXX_LIBRARY = "libc++";
				CLANG_ENABLE_MODULES = YES;
				CLANG_ENABLE_OBJC_ARC = YES;
				CLANG_ENABLE_OBJC_WEAK = YES;
				CLANG_WARN_BLOCK_CAPTURE_AUTORELEASING = YES;
				CLANG_WARN_BOOL_CONVERSION = YES;
				CLANG_WARN_COMMA = YES;
				CLANG_WARN_CONSTANT_CONVERSION = YES;
				CLANG_WARN_DEPRECATED_OBJC_IMPLEMENTATIONS = YES;
				CLANG_WARN_DIRECT_OBJC_ISA_USAGE = YES_ERROR;
				CLANG_WARN_DOCUMENTATION_COMMENTS = YES;
				CLANG_WARN_EMPTY_BODY = YES;
				CLANG_WARN_ENUM_CONVERSION = YES;
				CLANG_WARN_INFINITE_RECURSION = YES;
				CLANG_WARN_INT_CONVERSION = YES;
				CLANG_WARN_NON_LITERAL_NULL_CONVERSION = YES;
				CLANG_WARN_OBJC_IMPLICIT_RETAIN_SELF = YES;
				CLANG_WARN_OBJC_LITERAL_CONVERSION = YES;
				CLANG_WARN_OBJC_ROOT_CLASS = YES_ERROR;
				CLANG_WARN_RANGE_LOOP_ANALYSIS = YES;
				CLANG_WARN_STRICT_PROTOTYPES = YES;
				CLANG_WARN_SUSPICIOUS_MOVE = YES;
				CLANG_WARN_UNGUARDED_AVAILABILITY = YES_AGGRESSIVE;
				CLANG_WARN_UNREACHABLE_CODE = YES;
				CLANG_WARN__DUPLICATE_METHOD_MATCH = YES;
				CODE_SIGN_IDENTITY = "iPhone Developer";
				COPY_PHASE_STRIP = NO;
				DEBUG_INFORMATION_FORMAT = "dwarf-with-dsym";
				ENABLE_NS_ASSERTIONS = NO;
				ENABLE_STRICT_OBJC_MSGSEND = YES;
				GCC_C_LANGUAGE_STANDARD = gnu11;
				GCC_NO_COMMON_BLOCKS = YES;
				GCC_WARN_64_TO_32_BIT_CONVERSION = YES;
				GCC_WARN_ABOUT_RETURN_TYPE = YES_ERROR;
				GCC_WARN_UNDECLARED_SELECTOR = YES;
				GCC_WARN_UNINITIALIZED_AUTOS = YES_AGGRESSIVE;
				GCC_WARN_UNUSED_FUNCTION = YES;
				GCC_WARN_UNUSED_VARIABLE = YES;
				IPHONEOS_DEPLOYMENT_TARGET = 12.0;
				MTL_ENABLE_DEBUG_INFO = NO;
				MTL_FAST_MATH = YES;
				SDKROOT = iphoneos;
				VALIDATE_PRODUCT = YES;
			};
			name = Release;
		};
		4077EBD1218BC48400C41E68 /* Debug */ = {
			isa = XCBuildConfiguration;
			buildSettings = {
				ASSETCATALOG_COMPILER_APPICON_NAME = AppIcon;
				CODE_SIGN_STYLE = Automatic;
				DEVELOPMENT_TEAM = S655EV5659;
				INFOPLIST_FILE = AdViewer/Info.plist;
				IPHONEOS_DEPLOYMENT_TARGET = 9.1;
				LD_RUNPATH_SEARCH_PATHS = (
					"$(inherited)",
					"@executable_path/Frameworks",
				);
				PRODUCT_BUNDLE_IDENTIFIER = com.criteo.AdViewer;
				PRODUCT_NAME = "$(TARGET_NAME)";
				TARGETED_DEVICE_FAMILY = "1,2";
			};
			name = Debug;
		};
		4077EBD2218BC48400C41E68 /* Release */ = {
			isa = XCBuildConfiguration;
			buildSettings = {
				ASSETCATALOG_COMPILER_APPICON_NAME = AppIcon;
				CODE_SIGN_STYLE = Automatic;
				DEVELOPMENT_TEAM = S655EV5659;
				INFOPLIST_FILE = AdViewer/Info.plist;
				IPHONEOS_DEPLOYMENT_TARGET = 9.1;
				LD_RUNPATH_SEARCH_PATHS = (
					"$(inherited)",
					"@executable_path/Frameworks",
				);
				PRODUCT_BUNDLE_IDENTIFIER = com.criteo.AdViewer;
				PRODUCT_NAME = "$(TARGET_NAME)";
				TARGETED_DEVICE_FAMILY = "1,2";
			};
			name = Release;
		};
		4077EBD4218BC48400C41E68 /* Debug */ = {
			isa = XCBuildConfiguration;
			buildSettings = {
				BUNDLE_LOADER = "$(TEST_HOST)";
				CODE_SIGN_STYLE = Automatic;
				DEVELOPMENT_TEAM = S655EV5659;
				INFOPLIST_FILE = AdViewerTests/Info.plist;
				LD_RUNPATH_SEARCH_PATHS = (
					"$(inherited)",
					"@executable_path/Frameworks",
					"@loader_path/Frameworks",
				);
				PRODUCT_BUNDLE_IDENTIFIER = com.criteo.AdViewerTests;
				PRODUCT_NAME = "$(TARGET_NAME)";
				TARGETED_DEVICE_FAMILY = "1,2";
				TEST_HOST = "$(BUILT_PRODUCTS_DIR)/AdViewer.app/AdViewer";
			};
			name = Debug;
		};
		4077EBD5218BC48400C41E68 /* Release */ = {
			isa = XCBuildConfiguration;
			buildSettings = {
				BUNDLE_LOADER = "$(TEST_HOST)";
				CODE_SIGN_STYLE = Automatic;
				DEVELOPMENT_TEAM = S655EV5659;
				INFOPLIST_FILE = AdViewerTests/Info.plist;
				LD_RUNPATH_SEARCH_PATHS = (
					"$(inherited)",
					"@executable_path/Frameworks",
					"@loader_path/Frameworks",
				);
				PRODUCT_BUNDLE_IDENTIFIER = com.criteo.AdViewerTests;
				PRODUCT_NAME = "$(TARGET_NAME)";
				TARGETED_DEVICE_FAMILY = "1,2";
				TEST_HOST = "$(BUILT_PRODUCTS_DIR)/AdViewer.app/AdViewer";
			};
			name = Release;
		};
		4077EBD7218BC48400C41E68 /* Debug */ = {
			isa = XCBuildConfiguration;
			buildSettings = {
				CODE_SIGN_STYLE = Automatic;
				DEVELOPMENT_TEAM = S655EV5659;
				INFOPLIST_FILE = AdViewerUITests/Info.plist;
				LD_RUNPATH_SEARCH_PATHS = (
					"$(inherited)",
					"@executable_path/Frameworks",
					"@loader_path/Frameworks",
				);
				PRODUCT_BUNDLE_IDENTIFIER = com.criteo.AdViewerUITests;
				PRODUCT_NAME = "$(TARGET_NAME)";
				TARGETED_DEVICE_FAMILY = "1,2";
				TEST_TARGET_NAME = AdViewer;
			};
			name = Debug;
		};
		4077EBD8218BC48400C41E68 /* Release */ = {
			isa = XCBuildConfiguration;
			buildSettings = {
				CODE_SIGN_STYLE = Automatic;
				DEVELOPMENT_TEAM = S655EV5659;
				INFOPLIST_FILE = AdViewerUITests/Info.plist;
				LD_RUNPATH_SEARCH_PATHS = (
					"$(inherited)",
					"@executable_path/Frameworks",
					"@loader_path/Frameworks",
				);
				PRODUCT_BUNDLE_IDENTIFIER = com.criteo.AdViewerUITests;
				PRODUCT_NAME = "$(TARGET_NAME)";
				TARGETED_DEVICE_FAMILY = "1,2";
				TEST_TARGET_NAME = AdViewer;
			};
			name = Release;
		};
/* End XCBuildConfiguration section */

/* Begin XCConfigurationList section */
		4077EB9F218BC48300C41E68 /* Build configuration list for PBXProject "AdViewer" */ = {
			isa = XCConfigurationList;
			buildConfigurations = (
				4077EBCE218BC48400C41E68 /* Debug */,
				4077EBCF218BC48400C41E68 /* Release */,
			);
			defaultConfigurationIsVisible = 0;
			defaultConfigurationName = Release;
		};
		4077EBD0218BC48400C41E68 /* Build configuration list for PBXNativeTarget "AdViewer" */ = {
			isa = XCConfigurationList;
			buildConfigurations = (
				4077EBD1218BC48400C41E68 /* Debug */,
				4077EBD2218BC48400C41E68 /* Release */,
			);
			defaultConfigurationIsVisible = 0;
			defaultConfigurationName = Release;
		};
		4077EBD3218BC48400C41E68 /* Build configuration list for PBXNativeTarget "AdViewerTests" */ = {
			isa = XCConfigurationList;
			buildConfigurations = (
				4077EBD4218BC48400C41E68 /* Debug */,
				4077EBD5218BC48400C41E68 /* Release */,
			);
			defaultConfigurationIsVisible = 0;
			defaultConfigurationName = Release;
		};
		4077EBD6218BC48400C41E68 /* Build configuration list for PBXNativeTarget "AdViewerUITests" */ = {
			isa = XCConfigurationList;
			buildConfigurations = (
				4077EBD7218BC48400C41E68 /* Debug */,
				4077EBD8218BC48400C41E68 /* Release */,
			);
			defaultConfigurationIsVisible = 0;
			defaultConfigurationName = Release;
		};
/* End XCConfigurationList section */
	};
	rootObject = 4077EB9C218BC48300C41E68 /* Project object */;
}
