PODS:
  - CriteoMRAID (1.0.1)
  - CriteoPublisherSdk (6.1.2):
    - CriteoMRAID (~> 1.0.1)
    - CriteoPublisherSdk/Sdk (= 6.1.2)
  - CriteoPublisherSdk/Sdk (6.1.2):
    - CriteoMRAID (~> 1.0.1)
  - Eureka (5.3.2)
  - Google-Mobile-Ads-SDK (11.5.0):
    - GoogleUserMessagingPlatform (>= 1.1)
  - GoogleUserMessagingPlatform (2.4.0)

DEPENDENCIES:
  - CriteoPublisherSdk (~> 6.1.2)
  - Eureka
  - Google-Mobile-Ads-SDK

SPEC REPOS:
  trunk:
    - CriteoMRAID
    - CriteoPublisherSdk
    - Eureka
    - Google-Mobile-Ads-SDK
    - GoogleUserMessagingPlatform

SPEC CHECKSUMS:
  CriteoMRAID: a037bee17b929a8bede8a07279e01a269cd85210
  CriteoPublisherSdk: 710001048da8bde09116fc9812c879d4cdfcd480
  Eureka: 1c2b8b5892bfb0e972d0fe05f8c09fd89f8625ec
  Google-Mobile-Ads-SDK: 7db2098033ad3bfcd72a11e7503b49700a93029e
  GoogleUserMessagingPlatform: f131fa7978d2ba88d7426702b057c2cc318e6595

PODFILE CHECKSUM: 12a302b23b5f4259f745dda32753c8951d5f0ed2

COCOAPODS: 1.15.2
