// !$*UTF8*$!
{
	archiveVersion = 1;
	classes = {
	};
	objectVersion = 54;
	objects = {

/* Begin PBXBuildFile section */
		198CD052283377223FCC725E /* GoogleAdViewBuilder.swift in Sources */ = {isa = PBXBuildFile; fileRef = 198CDF9CA007F85D34B51EA5 /* GoogleAdViewBuilder.swift */; };
		198CD1A2C254D0AA046AAE80 /* AdNetwork.swift in Sources */ = {isa = PBXBuildFile; fileRef = 198CD830A58C6E2A29AE18D7 /* AdNetwork.swift */; };
		198CD402321085699A33FEF8 /* StandaloneLogger.m in Sources */ = {isa = PBXBuildFile; fileRef = 198CD785D04E229CBDE9E544 /* StandaloneLogger.m */; };
		198CD431F5C31D861CCDFF48 /* AdViewRow.swift in Sources */ = {isa = PBXBuildFile; fileRef = 198CDF4848FDB0545CBB170C /* AdViewRow.swift */; };
		198CD92AB7B891196874B7B2 /* AdvancedNativeView.swift in Sources */ = {isa = PBXBuildFile; fileRef = 198CD20560ED9CCF03D83BF3 /* AdvancedNativeView.swift */; };
		198CDA414DD3208D6D93F1EC /* AdConfig.swift in Sources */ = {isa = PBXBuildFile; fileRef = 198CDA0A7F408237FDF8C5E9 /* AdConfig.swift */; };
		198CDBBD19505CE769C375C5 /* CriteoAdViewBuilder.swift in Sources */ = {isa = PBXBuildFile; fileRef = 198CDF8D630812D8072F12AB /* CriteoAdViewBuilder.swift */; };
		198CDDAB5CB799E07E1DC055 /* AdFormat.swift in Sources */ = {isa = PBXBuildFile; fileRef = 198CD1615965A5E039286CB4 /* AdFormat.swift */; };
		1BA1F5FDF6FEA87C9F2FAC25 /* libPods-CriteoAdViewer.a in Frameworks */ = {isa = PBXBuildFile; fileRef = 57CFA2BE9A79C9EB66122CD1 /* libPods-CriteoAdViewer.a */; };
		4077EBAF218BC48300C41E68 /* Main.storyboard in Resources */ = {isa = PBXBuildFile; fileRef = 4077EBAD218BC48300C41E68 /* Main.storyboard */; };
		4077EBB1218BC48300C41E68 /* Assets.xcassets in Resources */ = {isa = PBXBuildFile; fileRef = 4077EBB0218BC48300C41E68 /* Assets.xcassets */; };
		4077EBB4218BC48300C41E68 /* LaunchScreen.storyboard in Resources */ = {isa = PBXBuildFile; fileRef = 4077EBB2218BC48300C41E68 /* LaunchScreen.storyboard */; };
		4077EBCC218BC48400C41E68 /* AdViewerUITests.m in Sources */ = {isa = PBXBuildFile; fileRef = 4077EBCB218BC48400C41E68 /* AdViewerUITests.m */; };
		46151AB2240EC74100D514BE /* LogEntryViewController.swift in Sources */ = {isa = PBXBuildFile; fileRef = 46151AB1240EC74100D514BE /* LogEntryViewController.swift */; };
		46151AB5240FB8A500D514BE /* RequestLogEntry.m in Sources */ = {isa = PBXBuildFile; fileRef = 46151AB4240FB8A500D514BE /* RequestLogEntry.m */; };
		46151AB8240FC10F00D514BE /* ResponseLogEntry.m in Sources */ = {isa = PBXBuildFile; fileRef = 46151AB7240FC10F00D514BE /* ResponseLogEntry.m */; };
		462A60662417A6C100E36D33 /* GoogleDFPLogger.m in Sources */ = {isa = PBXBuildFile; fileRef = 462A60652417A6C100E36D33 /* GoogleDFPLogger.m */; };
		462A60732417DB5000E36D33 /* AdViewerViewController.swift in Sources */ = {isa = PBXBuildFile; fileRef = 462A60722417DB5000E36D33 /* AdViewerViewController.swift */; };
		462A60762417E56900E36D33 /* AdViewBuilder.swift in Sources */ = {isa = PBXBuildFile; fileRef = 462A60752417E56900E36D33 /* AdViewBuilder.swift */; };
		46505306256FE544007D9CE7 /* AppDelegate.swift in Sources */ = {isa = PBXBuildFile; fileRef = 46505305256FE544007D9CE7 /* AppDelegate.swift */; };
		467A28E924168A1B00CEF5C7 /* EventLogEntry.m in Sources */ = {isa = PBXBuildFile; fileRef = 467A28E824168A1B00CEF5C7 /* EventLogEntry.m */; };
		4687264E240E9D7E0090489E /* LogTableViewController.swift in Sources */ = {isa = PBXBuildFile; fileRef = 4687264D240E9D7E0090489E /* LogTableViewController.swift */; };
		46872655240EA31B0090489E /* LogManager.m in Sources */ = {isa = PBXBuildFile; fileRef = 46872654240EA31B0090489E /* LogManager.m */; };
		7D0622F123F2EA950082F027 /* CRVNativeAdView.m in Sources */ = {isa = PBXBuildFile; fileRef = 7D0622F023F2EA950082F027 /* CRVNativeAdView.m */; };
		7DADDB6423F57C7A00DD82E7 /* CRVNativeAdView.xib in Resources */ = {isa = PBXBuildFile; fileRef = 7DADDB6323F57C7A00DD82E7 /* CRVNativeAdView.xib */; };
		7DC4A1D523EC73A20027DB5E /* CriteoPublisherSdk.framework in Frameworks */ = {isa = PBXBuildFile; fileRef = 54CAF8C9232C2F990050D8D9 /* CriteoPublisherSdk.framework */; };
		7DE88E5B248FA35B00F15D74 /* AdTableViewController.swift in Sources */ = {isa = PBXBuildFile; fileRef = 7DE88E5A248FA35B00F15D74 /* AdTableViewController.swift */; };
		A828E839293F7803006AD697 /* GAMAdViewBuilder.swift in Sources */ = {isa = PBXBuildFile; fileRef = A828E838293F7803006AD697 /* GAMAdViewBuilder.swift */; };
		A828E83B293F7849006AD697 /* InterstitialView+ads.swift in Sources */ = {isa = PBXBuildFile; fileRef = A828E83A293F7849006AD697 /* InterstitialView+ads.swift */; };
		A828E845293F7978006AD697 /* CRBannerCustomEvent.m in Sources */ = {isa = PBXBuildFile; fileRef = A828E83D293F7978006AD697 /* CRBannerCustomEvent.m */; };
		A828E846293F7978006AD697 /* CRGoogleMediationParameters.m in Sources */ = {isa = PBXBuildFile; fileRef = A828E83E293F7978006AD697 /* CRGoogleMediationParameters.m */; };
		A828E847293F7978006AD697 /* CRCustomEvent.m in Sources */ = {isa = PBXBuildFile; fileRef = A828E842293F7978006AD697 /* CRCustomEvent.m */; };
		A828E848293F7978006AD697 /* CRInterstitialCustomEvent.m in Sources */ = {isa = PBXBuildFile; fileRef = A828E844293F7978006AD697 /* CRInterstitialCustomEvent.m */; };
/* End PBXBuildFile section */

/* Begin PBXContainerItemProxy section */
		4077EBC8218BC48400C41E68 /* PBXContainerItemProxy */ = {
			isa = PBXContainerItemProxy;
			containerPortal = 4077EB9C218BC48300C41E68 /* Project object */;
			proxyType = 1;
			remoteGlobalIDString = 4077EBA3218BC48300C41E68;
			remoteInfo = AdViewer;
		};
/* End PBXContainerItemProxy section */

/* Begin PBXCopyFilesBuildPhase section */
		54CAF8C6232C05B10050D8D9 /* Embed Frameworks */ = {
			isa = PBXCopyFilesBuildPhase;
			buildActionMask = 2147483647;
			dstPath = "";
			dstSubfolderSpec = 10;
			files = (
			);
			name = "Embed Frameworks";
			runOnlyForDeploymentPostprocessing = 0;
		};
/* End PBXCopyFilesBuildPhase section */

/* Begin PBXFileReference section */
		02AF9A62F91F0010DBFC28A3 /* Pods-CriteoAdViewer.debug.xcconfig */ = {isa = PBXFileReference; includeInIndex = 1; lastKnownFileType = text.xcconfig; name = "Pods-CriteoAdViewer.debug.xcconfig"; path = "Target Support Files/Pods-CriteoAdViewer/Pods-CriteoAdViewer.debug.xcconfig"; sourceTree = "<group>"; };
		198CD1615965A5E039286CB4 /* AdFormat.swift */ = {isa = PBXFileReference; fileEncoding = 4; lastKnownFileType = sourcecode.swift; path = AdFormat.swift; sourceTree = "<group>"; };
		198CD20560ED9CCF03D83BF3 /* AdvancedNativeView.swift */ = {isa = PBXFileReference; fileEncoding = 4; lastKnownFileType = sourcecode.swift; path = AdvancedNativeView.swift; sourceTree = "<group>"; };
		198CD20A4B30A50C6D562506 /* InterstitialUpdateDelegate.h */ = {isa = PBXFileReference; fileEncoding = 4; lastKnownFileType = sourcecode.c.h; path = InterstitialUpdateDelegate.h; sourceTree = "<group>"; };
		198CD785D04E229CBDE9E544 /* StandaloneLogger.m */ = {isa = PBXFileReference; fileEncoding = 4; lastKnownFileType = sourcecode.c.objc; path = StandaloneLogger.m; sourceTree = "<group>"; };
		198CD830A58C6E2A29AE18D7 /* AdNetwork.swift */ = {isa = PBXFileReference; fileEncoding = 4; lastKnownFileType = sourcecode.swift; path = AdNetwork.swift; sourceTree = "<group>"; };
		198CDA0A7F408237FDF8C5E9 /* AdConfig.swift */ = {isa = PBXFileReference; fileEncoding = 4; lastKnownFileType = sourcecode.swift; path = AdConfig.swift; sourceTree = "<group>"; };
		198CDB33AF8D5AFDA0670CE3 /* StandaloneLogger.h */ = {isa = PBXFileReference; fileEncoding = 4; lastKnownFileType = sourcecode.c.h; path = StandaloneLogger.h; sourceTree = "<group>"; };
		198CDF4848FDB0545CBB170C /* AdViewRow.swift */ = {isa = PBXFileReference; fileEncoding = 4; lastKnownFileType = sourcecode.swift; path = AdViewRow.swift; sourceTree = "<group>"; };
		198CDF8D630812D8072F12AB /* CriteoAdViewBuilder.swift */ = {isa = PBXFileReference; fileEncoding = 4; lastKnownFileType = sourcecode.swift; path = CriteoAdViewBuilder.swift; sourceTree = "<group>"; };
		198CDF9CA007F85D34B51EA5 /* GoogleAdViewBuilder.swift */ = {isa = PBXFileReference; fileEncoding = 4; lastKnownFileType = sourcecode.swift; path = GoogleAdViewBuilder.swift; sourceTree = "<group>"; };
		25022DE7220A72EF00FF8ACE /* Criteo+Internal.h */ = {isa = PBXFileReference; lastKnownFileType = sourcecode.c.h; path = "Criteo+Internal.h"; sourceTree = "<group>"; };
		25022DE8220A778600FF8ACE /* NetworkManagerDelegate.h */ = {isa = PBXFileReference; lastKnownFileType = sourcecode.c.h; path = NetworkManagerDelegate.h; sourceTree = "<group>"; };
		4077EBA4218BC48300C41E68 /* CriteoAdViewer.app */ = {isa = PBXFileReference; explicitFileType = wrapper.application; includeInIndex = 0; path = CriteoAdViewer.app; sourceTree = BUILT_PRODUCTS_DIR; };
		4077EBAE218BC48300C41E68 /* Base */ = {isa = PBXFileReference; lastKnownFileType = file.storyboard; name = Base; path = Base.lproj/Main.storyboard; sourceTree = "<group>"; };
		4077EBB0218BC48300C41E68 /* Assets.xcassets */ = {isa = PBXFileReference; lastKnownFileType = folder.assetcatalog; path = Assets.xcassets; sourceTree = "<group>"; };
		4077EBB3218BC48300C41E68 /* Base */ = {isa = PBXFileReference; lastKnownFileType = file.storyboard; name = Base; path = Base.lproj/LaunchScreen.storyboard; sourceTree = "<group>"; };
		4077EBB5218BC48300C41E68 /* Info.plist */ = {isa = PBXFileReference; lastKnownFileType = text.plist.xml; path = Info.plist; sourceTree = "<group>"; };
		4077EBC7218BC48400C41E68 /* CriteoAdViewerUITests.xctest */ = {isa = PBXFileReference; explicitFileType = wrapper.cfbundle; includeInIndex = 0; path = CriteoAdViewerUITests.xctest; sourceTree = BUILT_PRODUCTS_DIR; };
		4077EBCB218BC48400C41E68 /* AdViewerUITests.m */ = {isa = PBXFileReference; lastKnownFileType = sourcecode.c.objc; path = AdViewerUITests.m; sourceTree = "<group>"; };
		4077EBCD218BC48400C41E68 /* Info.plist */ = {isa = PBXFileReference; lastKnownFileType = text.plist.xml; path = Info.plist; sourceTree = "<group>"; };
		46151AAE240EAFFB00D514BE /* LogEntry.h */ = {isa = PBXFileReference; lastKnownFileType = sourcecode.c.h; path = LogEntry.h; sourceTree = "<group>"; };
		46151AB1240EC74100D514BE /* LogEntryViewController.swift */ = {isa = PBXFileReference; lastKnownFileType = sourcecode.swift; path = LogEntryViewController.swift; sourceTree = "<group>"; };
		46151AB3240FB8A500D514BE /* RequestLogEntry.h */ = {isa = PBXFileReference; lastKnownFileType = sourcecode.c.h; path = RequestLogEntry.h; sourceTree = "<group>"; };
		46151AB4240FB8A500D514BE /* RequestLogEntry.m */ = {isa = PBXFileReference; lastKnownFileType = sourcecode.c.objc; path = RequestLogEntry.m; sourceTree = "<group>"; };
		46151AB6240FC10F00D514BE /* ResponseLogEntry.h */ = {isa = PBXFileReference; lastKnownFileType = sourcecode.c.h; path = ResponseLogEntry.h; sourceTree = "<group>"; };
		46151AB7240FC10F00D514BE /* ResponseLogEntry.m */ = {isa = PBXFileReference; lastKnownFileType = sourcecode.c.objc; path = ResponseLogEntry.m; sourceTree = "<group>"; };
		462A60642417A6C100E36D33 /* GoogleDFPLogger.h */ = {isa = PBXFileReference; lastKnownFileType = sourcecode.c.h; path = GoogleDFPLogger.h; sourceTree = "<group>"; };
		462A60652417A6C100E36D33 /* GoogleDFPLogger.m */ = {isa = PBXFileReference; lastKnownFileType = sourcecode.c.objc; path = GoogleDFPLogger.m; sourceTree = "<group>"; };
		462A60722417DB5000E36D33 /* AdViewerViewController.swift */ = {isa = PBXFileReference; lastKnownFileType = sourcecode.swift; path = AdViewerViewController.swift; sourceTree = "<group>"; };
		462A60752417E56900E36D33 /* AdViewBuilder.swift */ = {isa = PBXFileReference; lastKnownFileType = sourcecode.swift; path = AdViewBuilder.swift; sourceTree = "<group>"; };
		46505305256FE544007D9CE7 /* AppDelegate.swift */ = {isa = PBXFileReference; lastKnownFileType = sourcecode.swift; path = AppDelegate.swift; sourceTree = "<group>"; };
		4677506524F8062E00375263 /* CriteoAdViewerUITests.xctestplan */ = {isa = PBXFileReference; lastKnownFileType = text; path = CriteoAdViewerUITests.xctestplan; sourceTree = "<group>"; };
		467A28E724168A1B00CEF5C7 /* EventLogEntry.h */ = {isa = PBXFileReference; lastKnownFileType = sourcecode.c.h; path = EventLogEntry.h; sourceTree = "<group>"; };
		467A28E824168A1B00CEF5C7 /* EventLogEntry.m */ = {isa = PBXFileReference; lastKnownFileType = sourcecode.c.objc; path = EventLogEntry.m; sourceTree = "<group>"; };
		4687264C240E9D7E0090489E /* AdViewer-Bridging-Header.h */ = {isa = PBXFileReference; lastKnownFileType = sourcecode.c.h; path = "AdViewer-Bridging-Header.h"; sourceTree = "<group>"; };
		4687264D240E9D7E0090489E /* LogTableViewController.swift */ = {isa = PBXFileReference; lastKnownFileType = sourcecode.swift; path = LogTableViewController.swift; sourceTree = "<group>"; };
		46872653240EA2D20090489E /* LogManager.h */ = {isa = PBXFileReference; lastKnownFileType = sourcecode.c.h; path = LogManager.h; sourceTree = "<group>"; };
		46872654240EA31B0090489E /* LogManager.m */ = {isa = PBXFileReference; fileEncoding = 4; lastKnownFileType = sourcecode.c.objc; path = LogManager.m; sourceTree = "<group>"; };
		54CAF8C9232C2F990050D8D9 /* CriteoPublisherSdk.framework */ = {isa = PBXFileReference; lastKnownFileType = wrapper.framework; path = CriteoPublisherSdk.framework; sourceTree = "<group>"; };
		57CFA2BE9A79C9EB66122CD1 /* libPods-CriteoAdViewer.a */ = {isa = PBXFileReference; explicitFileType = archive.ar; includeInIndex = 0; path = "libPods-CriteoAdViewer.a"; sourceTree = BUILT_PRODUCTS_DIR; };
		7BA369801D513722BAC4E064 /* Pods-CriteoAdViewer.release.xcconfig */ = {isa = PBXFileReference; includeInIndex = 1; lastKnownFileType = text.xcconfig; name = "Pods-CriteoAdViewer.release.xcconfig"; path = "Target Support Files/Pods-CriteoAdViewer/Pods-CriteoAdViewer.release.xcconfig"; sourceTree = "<group>"; };
		7D0622EF23F2EA950082F027 /* CRVNativeAdView.h */ = {isa = PBXFileReference; lastKnownFileType = sourcecode.c.h; path = CRVNativeAdView.h; sourceTree = "<group>"; };
		7D0622F023F2EA950082F027 /* CRVNativeAdView.m */ = {isa = PBXFileReference; lastKnownFileType = sourcecode.c.objc; path = CRVNativeAdView.m; sourceTree = "<group>"; };
		7DADDB6323F57C7A00DD82E7 /* CRVNativeAdView.xib */ = {isa = PBXFileReference; lastKnownFileType = file.xib; path = CRVNativeAdView.xib; sourceTree = "<group>"; };
		7DE88E5A248FA35B00F15D74 /* AdTableViewController.swift */ = {isa = PBXFileReference; lastKnownFileType = sourcecode.swift; path = AdTableViewController.swift; sourceTree = "<group>"; };
		A828E838293F7803006AD697 /* GAMAdViewBuilder.swift */ = {isa = PBXFileReference; fileEncoding = 4; lastKnownFileType = sourcecode.swift; path = GAMAdViewBuilder.swift; sourceTree = "<group>"; };
		A828E83A293F7849006AD697 /* InterstitialView+ads.swift */ = {isa = PBXFileReference; fileEncoding = 4; lastKnownFileType = sourcecode.swift; path = "InterstitialView+ads.swift"; sourceTree = "<group>"; };
		A828E83D293F7978006AD697 /* CRBannerCustomEvent.m */ = {isa = PBXFileReference; fileEncoding = 4; lastKnownFileType = sourcecode.c.objc; path = CRBannerCustomEvent.m; sourceTree = "<group>"; };
		A828E83E293F7978006AD697 /* CRGoogleMediationParameters.m */ = {isa = PBXFileReference; fileEncoding = 4; lastKnownFileType = sourcecode.c.objc; path = CRGoogleMediationParameters.m; sourceTree = "<group>"; };
		A828E83F293F7978006AD697 /* CRCustomEvent.h */ = {isa = PBXFileReference; fileEncoding = 4; lastKnownFileType = sourcecode.c.h; path = CRCustomEvent.h; sourceTree = "<group>"; };
		A828E840293F7978006AD697 /* CRInterstitialCustomEvent.h */ = {isa = PBXFileReference; fileEncoding = 4; lastKnownFileType = sourcecode.c.h; path = CRInterstitialCustomEvent.h; sourceTree = "<group>"; };
		A828E841293F7978006AD697 /* CRBannerCustomEvent.h */ = {isa = PBXFileReference; fileEncoding = 4; lastKnownFileType = sourcecode.c.h; path = CRBannerCustomEvent.h; sourceTree = "<group>"; };
		A828E842293F7978006AD697 /* CRCustomEvent.m */ = {isa = PBXFileReference; fileEncoding = 4; lastKnownFileType = sourcecode.c.objc; path = CRCustomEvent.m; sourceTree = "<group>"; };
		A828E843293F7978006AD697 /* CRGoogleMediationParameters.h */ = {isa = PBXFileReference; fileEncoding = 4; lastKnownFileType = sourcecode.c.h; path = CRGoogleMediationParameters.h; sourceTree = "<group>"; };
		A828E844293F7978006AD697 /* CRInterstitialCustomEvent.m */ = {isa = PBXFileReference; fileEncoding = 4; lastKnownFileType = sourcecode.c.objc; path = CRInterstitialCustomEvent.m; sourceTree = "<group>"; };
/* End PBXFileReference section */

/* Begin PBXFrameworksBuildPhase section */
		4077EBA1218BC48300C41E68 /* Frameworks */ = {
			isa = PBXFrameworksBuildPhase;
			buildActionMask = 2147483647;
			files = (
				7DC4A1D523EC73A20027DB5E /* CriteoPublisherSdk.framework in Frameworks */,
				1BA1F5FDF6FEA87C9F2FAC25 /* libPods-CriteoAdViewer.a in Frameworks */,
			);
			runOnlyForDeploymentPostprocessing = 0;
		};
		4077EBC4218BC48400C41E68 /* Frameworks */ = {
			isa = PBXFrameworksBuildPhase;
			buildActionMask = 2147483647;
			files = (
			);
			runOnlyForDeploymentPostprocessing = 0;
		};
/* End PBXFrameworksBuildPhase section */

/* Begin PBXGroup section */
		25022DE6220A72D300FF8ACE /* Criteo */ = {
			isa = PBXGroup;
			children = (
				25022DE7220A72EF00FF8ACE /* Criteo+Internal.h */,
				25022DE8220A778600FF8ACE /* NetworkManagerDelegate.h */,
			);
			path = Criteo;
			sourceTree = "<group>";
		};
		404AC9482196509E008C6267 /* GoogleDFP */ = {
			isa = PBXGroup;
			children = (
				462A60642417A6C100E36D33 /* GoogleDFPLogger.h */,
				462A60652417A6C100E36D33 /* GoogleDFPLogger.m */,
			);
			path = GoogleDFP;
			sourceTree = "<group>";
		};
		4077EB9B218BC48300C41E68 = {
			isa = PBXGroup;
			children = (
				4077EBA6218BC48300C41E68 /* Sources */,
				4077EBCA218BC48400C41E68 /* UITests */,
				4077EBA5218BC48300C41E68 /* Products */,
				AEB379A3E47D7093DEBA6DA1 /* Frameworks */,
				A2CF8BAD22F57242F276594C /* Pods */,
			);
			sourceTree = "<group>";
		};
		4077EBA5218BC48300C41E68 /* Products */ = {
			isa = PBXGroup;
			children = (
				4077EBA4218BC48300C41E68 /* CriteoAdViewer.app */,
				4077EBC7218BC48400C41E68 /* CriteoAdViewerUITests.xctest */,
			);
			name = Products;
			sourceTree = "<group>";
		};
		4077EBA6218BC48300C41E68 /* Sources */ = {
			isa = PBXGroup;
			children = (
				A828E83C293F7978006AD697 /* CriteoGoogleAdapter */,
				462A60712417DB1C00E36D33 /* AdViewer */,
				7D03F10623F1949900CB5D8B /* NativeAd */,
				54B579122369CE09004DF616 /* Common */,
				54B578EF23682A31004DF616 /* Standalone */,
				25022DE6220A72D300FF8ACE /* Criteo */,
				404AC9482196509E008C6267 /* GoogleDFP */,
				4077EBD9218CB5C000C41E68 /* Splash */,
				4687264B240E9A690090489E /* Logs */,
				4687264C240E9D7E0090489E /* AdViewer-Bridging-Header.h */,
				46505305256FE544007D9CE7 /* AppDelegate.swift */,
				4077EBB0218BC48300C41E68 /* Assets.xcassets */,
				4077EBAD218BC48300C41E68 /* Main.storyboard */,
				4077EBB5218BC48300C41E68 /* Info.plist */,
			);
			path = Sources;
			sourceTree = "<group>";
		};
		4077EBCA218BC48400C41E68 /* UITests */ = {
			isa = PBXGroup;
			children = (
				4677506524F8062E00375263 /* CriteoAdViewerUITests.xctestplan */,
				4077EBCB218BC48400C41E68 /* AdViewerUITests.m */,
				4077EBCD218BC48400C41E68 /* Info.plist */,
			);
			path = UITests;
			sourceTree = "<group>";
		};
		4077EBD9218CB5C000C41E68 /* Splash */ = {
			isa = PBXGroup;
			children = (
				4077EBB2218BC48300C41E68 /* LaunchScreen.storyboard */,
			);
			path = Splash;
			sourceTree = "<group>";
		};
		462A60712417DB1C00E36D33 /* AdViewer */ = {
			isa = PBXGroup;
			children = (
				198CD1615965A5E039286CB4 /* AdFormat.swift */,
				198CD830A58C6E2A29AE18D7 /* AdNetwork.swift */,
				198CDA0A7F408237FDF8C5E9 /* AdConfig.swift */,
				462A60752417E56900E36D33 /* AdViewBuilder.swift */,
				198CDF9CA007F85D34B51EA5 /* GoogleAdViewBuilder.swift */,
				A828E838293F7803006AD697 /* GAMAdViewBuilder.swift */,
				198CDF8D630812D8072F12AB /* CriteoAdViewBuilder.swift */,
				A828E83A293F7849006AD697 /* InterstitialView+ads.swift */,
				198CDF4848FDB0545CBB170C /* AdViewRow.swift */,
				462A60722417DB5000E36D33 /* AdViewerViewController.swift */,
				198CD20560ED9CCF03D83BF3 /* AdvancedNativeView.swift */,
				7DE88E5A248FA35B00F15D74 /* AdTableViewController.swift */,
			);
			path = AdViewer;
			sourceTree = "<group>";
		};
		4687264B240E9A690090489E /* Logs */ = {
			isa = PBXGroup;
			children = (
				46151AAE240EAFFB00D514BE /* LogEntry.h */,
				46872653240EA2D20090489E /* LogManager.h */,
				46872654240EA31B0090489E /* LogManager.m */,
				467A28E724168A1B00CEF5C7 /* EventLogEntry.h */,
				467A28E824168A1B00CEF5C7 /* EventLogEntry.m */,
				46151AB3240FB8A500D514BE /* RequestLogEntry.h */,
				46151AB4240FB8A500D514BE /* RequestLogEntry.m */,
				46151AB6240FC10F00D514BE /* ResponseLogEntry.h */,
				46151AB7240FC10F00D514BE /* ResponseLogEntry.m */,
				4687264D240E9D7E0090489E /* LogTableViewController.swift */,
				46151AB1240EC74100D514BE /* LogEntryViewController.swift */,
			);
			path = Logs;
			sourceTree = "<group>";
		};
		54B578EF23682A31004DF616 /* Standalone */ = {
			isa = PBXGroup;
			children = (
				198CD785D04E229CBDE9E544 /* StandaloneLogger.m */,
				198CDB33AF8D5AFDA0670CE3 /* StandaloneLogger.h */,
			);
			path = Standalone;
			sourceTree = "<group>";
		};
		54B579122369CE09004DF616 /* Common */ = {
			isa = PBXGroup;
			children = (
				198CD20A4B30A50C6D562506 /* InterstitialUpdateDelegate.h */,
			);
			path = Common;
			sourceTree = "<group>";
		};
		7D03F10623F1949900CB5D8B /* NativeAd */ = {
			isa = PBXGroup;
			children = (
				7D0622EF23F2EA950082F027 /* CRVNativeAdView.h */,
				7D0622F023F2EA950082F027 /* CRVNativeAdView.m */,
				7DADDB6323F57C7A00DD82E7 /* CRVNativeAdView.xib */,
			);
			path = NativeAd;
			sourceTree = "<group>";
		};
		A2CF8BAD22F57242F276594C /* Pods */ = {
			isa = PBXGroup;
			children = (
				02AF9A62F91F0010DBFC28A3 /* Pods-CriteoAdViewer.debug.xcconfig */,
				7BA369801D513722BAC4E064 /* Pods-CriteoAdViewer.release.xcconfig */,
			);
			name = Pods;
			path = ../Pods;
			sourceTree = "<group>";
		};
		A828E83C293F7978006AD697 /* CriteoGoogleAdapter */ = {
			isa = PBXGroup;
			children = (
				A828E83D293F7978006AD697 /* CRBannerCustomEvent.m */,
				A828E83E293F7978006AD697 /* CRGoogleMediationParameters.m */,
				A828E83F293F7978006AD697 /* CRCustomEvent.h */,
				A828E840293F7978006AD697 /* CRInterstitialCustomEvent.h */,
				A828E841293F7978006AD697 /* CRBannerCustomEvent.h */,
				A828E842293F7978006AD697 /* CRCustomEvent.m */,
				A828E843293F7978006AD697 /* CRGoogleMediationParameters.h */,
				A828E844293F7978006AD697 /* CRInterstitialCustomEvent.m */,
			);
			path = CriteoGoogleAdapter;
			sourceTree = "<group>";
		};
		AEB379A3E47D7093DEBA6DA1 /* Frameworks */ = {
			isa = PBXGroup;
			children = (
				54CAF8C9232C2F990050D8D9 /* CriteoPublisherSdk.framework */,
				57CFA2BE9A79C9EB66122CD1 /* libPods-CriteoAdViewer.a */,
			);
			path = Frameworks;
			sourceTree = "<group>";
		};
/* End PBXGroup section */

/* Begin PBXNativeTarget section */
		4077EBA3218BC48300C41E68 /* CriteoAdViewer */ = {
			isa = PBXNativeTarget;
			buildConfigurationList = 4077EBD0218BC48400C41E68 /* Build configuration list for PBXNativeTarget "CriteoAdViewer" */;
			buildPhases = (
				CD19B3480BF07D422DEFCF36 /* [CP] Check Pods Manifest.lock */,
				4077EBA0218BC48300C41E68 /* Sources */,
				4077EBA1218BC48300C41E68 /* Frameworks */,
				4077EBA2218BC48300C41E68 /* Resources */,
				54CAF8C6232C05B10050D8D9 /* Embed Frameworks */,
				06439DA2052675F0102C4A26 /* [CP] Copy Pods Resources */,
			);
			buildRules = (
			);
			dependencies = (
			);
			name = CriteoAdViewer;
			productName = AdViewer;
			productReference = 4077EBA4218BC48300C41E68 /* CriteoAdViewer.app */;
			productType = "com.apple.product-type.application";
		};
		4077EBC6218BC48400C41E68 /* CriteoAdViewerUITests */ = {
			isa = PBXNativeTarget;
			buildConfigurationList = 4077EBD6218BC48400C41E68 /* Build configuration list for PBXNativeTarget "CriteoAdViewerUITests" */;
			buildPhases = (
				4077EBC3218BC48400C41E68 /* Sources */,
				4077EBC4218BC48400C41E68 /* Frameworks */,
				4077EBC5218BC48400C41E68 /* Resources */,
			);
			buildRules = (
			);
			dependencies = (
				4077EBC9218BC48400C41E68 /* PBXTargetDependency */,
			);
			name = CriteoAdViewerUITests;
			productName = AdViewerUITests;
			productReference = 4077EBC7218BC48400C41E68 /* CriteoAdViewerUITests.xctest */;
			productType = "com.apple.product-type.bundle.ui-testing";
		};
/* End PBXNativeTarget section */

/* Begin PBXProject section */
		4077EB9C218BC48300C41E68 /* Project object */ = {
			isa = PBXProject;
			attributes = {
				BuildIndependentTargetsInParallel = YES;
				LastUpgradeCheck = 1500;
				ORGANIZATIONNAME = Criteo;
				TargetAttributes = {
					4077EBA3218BC48300C41E68 = {
						CreatedOnToolsVersion = 10.0;
						LastSwiftMigration = 1130;
					};
					4077EBC6218BC48400C41E68 = {
						CreatedOnToolsVersion = 10.0;
						TestTargetID = 4077EBA3218BC48300C41E68;
					};
				};
			};
			buildConfigurationList = 4077EB9F218BC48300C41E68 /* Build configuration list for PBXProject "CriteoAdViewer" */;
			compatibilityVersion = "Xcode 9.3";
			developmentRegion = en;
			hasScannedForEncodings = 0;
			knownRegions = (
				en,
				Base,
			);
			mainGroup = 4077EB9B218BC48300C41E68;
			productRefGroup = 4077EBA5218BC48300C41E68 /* Products */;
			projectDirPath = "";
			projectRoot = "";
			targets = (
				4077EBA3218BC48300C41E68 /* CriteoAdViewer */,
				4077EBC6218BC48400C41E68 /* CriteoAdViewerUITests */,
			);
		};
/* End PBXProject section */

/* Begin PBXResourcesBuildPhase section */
		4077EBA2218BC48300C41E68 /* Resources */ = {
			isa = PBXResourcesBuildPhase;
			buildActionMask = 2147483647;
			files = (
				4077EBB4218BC48300C41E68 /* LaunchScreen.storyboard in Resources */,
				4077EBB1218BC48300C41E68 /* Assets.xcassets in Resources */,
				7DADDB6423F57C7A00DD82E7 /* CRVNativeAdView.xib in Resources */,
				4077EBAF218BC48300C41E68 /* Main.storyboard in Resources */,
			);
			runOnlyForDeploymentPostprocessing = 0;
		};
		4077EBC5218BC48400C41E68 /* Resources */ = {
			isa = PBXResourcesBuildPhase;
			buildActionMask = 2147483647;
			files = (
			);
			runOnlyForDeploymentPostprocessing = 0;
		};
/* End PBXResourcesBuildPhase section */

/* Begin PBXShellScriptBuildPhase section */
		06439DA2052675F0102C4A26 /* [CP] Copy Pods Resources */ = {
			isa = PBXShellScriptBuildPhase;
			buildActionMask = 2147483647;
			files = (
			);
			inputFileListPaths = (
				"${PODS_ROOT}/Target Support Files/Pods-CriteoAdViewer/Pods-CriteoAdViewer-resources-${CONFIGURATION}-input-files.xcfilelist",
			);
			name = "[CP] Copy Pods Resources";
			outputFileListPaths = (
				"${PODS_ROOT}/Target Support Files/Pods-CriteoAdViewer/Pods-CriteoAdViewer-resources-${CONFIGURATION}-output-files.xcfilelist",
			);
			runOnlyForDeploymentPostprocessing = 0;
			shellPath = /bin/sh;
			shellScript = "\"${PODS_ROOT}/Target Support Files/Pods-CriteoAdViewer/Pods-CriteoAdViewer-resources.sh\"\n";
			showEnvVarsInLog = 0;
		};
		CD19B3480BF07D422DEFCF36 /* [CP] Check Pods Manifest.lock */ = {
			isa = PBXShellScriptBuildPhase;
			buildActionMask = 2147483647;
			files = (
			);
			inputFileListPaths = (
			);
			inputPaths = (
				"${PODS_PODFILE_DIR_PATH}/Podfile.lock",
				"${PODS_ROOT}/Manifest.lock",
			);
			name = "[CP] Check Pods Manifest.lock";
			outputFileListPaths = (
			);
			outputPaths = (
				"$(DERIVED_FILE_DIR)/Pods-CriteoAdViewer-checkManifestLockResult.txt",
			);
			runOnlyForDeploymentPostprocessing = 0;
			shellPath = /bin/sh;
			shellScript = "diff \"${PODS_PODFILE_DIR_PATH}/Podfile.lock\" \"${PODS_ROOT}/Manifest.lock\" > /dev/null\nif [ $? != 0 ] ; then\n    # print error to STDERR\n    echo \"error: The sandbox is not in sync with the Podfile.lock. Run 'pod install' or update your CocoaPods installation.\" >&2\n    exit 1\nfi\n# This output is used by Xcode 'outputs' to avoid re-running this script phase.\necho \"SUCCESS\" > \"${SCRIPT_OUTPUT_FILE_0}\"\n";
			showEnvVarsInLog = 0;
		};
/* End PBXShellScriptBuildPhase section */

/* Begin PBXSourcesBuildPhase section */
		4077EBA0218BC48300C41E68 /* Sources */ = {
			isa = PBXSourcesBuildPhase;
			buildActionMask = 2147483647;
			files = (
				A828E848293F7978006AD697 /* CRInterstitialCustomEvent.m in Sources */,
				A828E846293F7978006AD697 /* CRGoogleMediationParameters.m in Sources */,
				467A28E924168A1B00CEF5C7 /* EventLogEntry.m in Sources */,
				4687264E240E9D7E0090489E /* LogTableViewController.swift in Sources */,
				46151AB2240EC74100D514BE /* LogEntryViewController.swift in Sources */,
				46151AB8240FC10F00D514BE /* ResponseLogEntry.m in Sources */,
				A828E847293F7978006AD697 /* CRCustomEvent.m in Sources */,
				46151AB5240FB8A500D514BE /* RequestLogEntry.m in Sources */,
				A828E83B293F7849006AD697 /* InterstitialView+ads.swift in Sources */,
				A828E839293F7803006AD697 /* GAMAdViewBuilder.swift in Sources */,
				462A60662417A6C100E36D33 /* GoogleDFPLogger.m in Sources */,
				462A60762417E56900E36D33 /* AdViewBuilder.swift in Sources */,
				46872655240EA31B0090489E /* LogManager.m in Sources */,
				A828E845293F7978006AD697 /* CRBannerCustomEvent.m in Sources */,
				462A60732417DB5000E36D33 /* AdViewerViewController.swift in Sources */,
				46505306256FE544007D9CE7 /* AppDelegate.swift in Sources */,
				198CD402321085699A33FEF8 /* StandaloneLogger.m in Sources */,
				198CDA414DD3208D6D93F1EC /* AdConfig.swift in Sources */,
				198CD052283377223FCC725E /* GoogleAdViewBuilder.swift in Sources */,
				198CD1A2C254D0AA046AAE80 /* AdNetwork.swift in Sources */,
				198CDDAB5CB799E07E1DC055 /* AdFormat.swift in Sources */,
				7DE88E5B248FA35B00F15D74 /* AdTableViewController.swift in Sources */,
				198CD431F5C31D861CCDFF48 /* AdViewRow.swift in Sources */,
				198CDBBD19505CE769C375C5 /* CriteoAdViewBuilder.swift in Sources */,
				7D0622F123F2EA950082F027 /* CRVNativeAdView.m in Sources */,
				198CD92AB7B891196874B7B2 /* AdvancedNativeView.swift in Sources */,
			);
			runOnlyForDeploymentPostprocessing = 0;
		};
		4077EBC3218BC48400C41E68 /* Sources */ = {
			isa = PBXSourcesBuildPhase;
			buildActionMask = 2147483647;
			files = (
				4077EBCC218BC48400C41E68 /* AdViewerUITests.m in Sources */,
			);
			runOnlyForDeploymentPostprocessing = 0;
		};
/* End PBXSourcesBuildPhase section */

/* Begin PBXTargetDependency section */
		4077EBC9218BC48400C41E68 /* PBXTargetDependency */ = {
			isa = PBXTargetDependency;
			target = 4077EBA3218BC48300C41E68 /* CriteoAdViewer */;
			targetProxy = 4077EBC8218BC48400C41E68 /* PBXContainerItemProxy */;
		};
/* End PBXTargetDependency section */

/* Begin PBXVariantGroup section */
		4077EBAD218BC48300C41E68 /* Main.storyboard */ = {
			isa = PBXVariantGroup;
			children = (
				4077EBAE218BC48300C41E68 /* Base */,
			);
			name = Main.storyboard;
			sourceTree = "<group>";
		};
		4077EBB2218BC48300C41E68 /* LaunchScreen.storyboard */ = {
			isa = PBXVariantGroup;
			children = (
				4077EBB3218BC48300C41E68 /* Base */,
			);
			name = LaunchScreen.storyboard;
			sourceTree = "<group>";
		};
/* End PBXVariantGroup section */

/* Begin XCBuildConfiguration section */
		4077EBCE218BC48400C41E68 /* Debug */ = {
			isa = XCBuildConfiguration;
			buildSettings = {
				ALWAYS_SEARCH_USER_PATHS = NO;
				CLANG_ANALYZER_NONNULL = YES;
				CLANG_ANALYZER_NUMBER_OBJECT_CONVERSION = YES_AGGRESSIVE;
				CLANG_CXX_LANGUAGE_STANDARD = "gnu++14";
				CLANG_CXX_LIBRARY = "libc++";
				CLANG_ENABLE_MODULES = YES;
				CLANG_ENABLE_OBJC_ARC = YES;
				CLANG_ENABLE_OBJC_WEAK = YES;
				CLANG_WARN_BLOCK_CAPTURE_AUTORELEASING = YES;
				CLANG_WARN_BOOL_CONVERSION = YES;
				CLANG_WARN_COMMA = YES;
				CLANG_WARN_CONSTANT_CONVERSION = YES;
				CLANG_WARN_DEPRECATED_OBJC_IMPLEMENTATIONS = YES;
				CLANG_WARN_DIRECT_OBJC_ISA_USAGE = YES_ERROR;
				CLANG_WARN_DOCUMENTATION_COMMENTS = YES;
				CLANG_WARN_EMPTY_BODY = YES;
				CLANG_WARN_ENUM_CONVERSION = YES;
				CLANG_WARN_INFINITE_RECURSION = YES;
				CLANG_WARN_INT_CONVERSION = YES;
				CLANG_WARN_NON_LITERAL_NULL_CONVERSION = YES;
				CLANG_WARN_OBJC_IMPLICIT_RETAIN_SELF = YES;
				CLANG_WARN_OBJC_LITERAL_CONVERSION = YES;
				CLANG_WARN_OBJC_ROOT_CLASS = YES_ERROR;
				CLANG_WARN_QUOTED_INCLUDE_IN_FRAMEWORK_HEADER = YES;
				CLANG_WARN_RANGE_LOOP_ANALYSIS = YES;
				CLANG_WARN_STRICT_PROTOTYPES = YES;
				CLANG_WARN_SUSPICIOUS_MOVE = YES;
				CLANG_WARN_UNGUARDED_AVAILABILITY = YES_AGGRESSIVE;
				CLANG_WARN_UNREACHABLE_CODE = YES;
				CLANG_WARN__DUPLICATE_METHOD_MATCH = YES;
				CODE_SIGN_IDENTITY = "iPhone Developer";
				COPY_PHASE_STRIP = NO;
				DEBUG_INFORMATION_FORMAT = dwarf;
				ENABLE_STRICT_OBJC_MSGSEND = YES;
				ENABLE_TESTABILITY = YES;
				ENABLE_USER_SCRIPT_SANDBOXING = YES;
				GCC_C_LANGUAGE_STANDARD = gnu11;
				GCC_DYNAMIC_NO_PIC = NO;
				GCC_NO_COMMON_BLOCKS = YES;
				GCC_OPTIMIZATION_LEVEL = 0;
				GCC_PREPROCESSOR_DEFINITIONS = (
					"DEBUG=1",
					"$(inherited)",
				);
				GCC_WARN_64_TO_32_BIT_CONVERSION = YES;
				GCC_WARN_ABOUT_RETURN_TYPE = YES_ERROR;
				GCC_WARN_UNDECLARED_SELECTOR = YES;
				GCC_WARN_UNINITIALIZED_AUTOS = YES_AGGRESSIVE;
				GCC_WARN_UNUSED_FUNCTION = YES;
				GCC_WARN_UNUSED_VARIABLE = YES;
				IPHONEOS_DEPLOYMENT_TARGET = 12.0;
				MTL_ENABLE_DEBUG_INFO = INCLUDE_SOURCE;
				MTL_FAST_MATH = YES;
				ONLY_ACTIVE_ARCH = YES;
				SDKROOT = iphoneos;
			};
			name = Debug;
		};
		4077EBCF218BC48400C41E68 /* Release */ = {
			isa = XCBuildConfiguration;
			buildSettings = {
				ALWAYS_SEARCH_USER_PATHS = NO;
				CLANG_ANALYZER_NONNULL = YES;
				CLANG_ANALYZER_NUMBER_OBJECT_CONVERSION = YES_AGGRESSIVE;
				CLANG_CXX_LANGUAGE_STANDARD = "gnu++14";
				CLANG_CXX_LIBRARY = "libc++";
				CLANG_ENABLE_MODULES = YES;
				CLANG_ENABLE_OBJC_ARC = YES;
				CLANG_ENABLE_OBJC_WEAK = YES;
				CLANG_WARN_BLOCK_CAPTURE_AUTORELEASING = YES;
				CLANG_WARN_BOOL_CONVERSION = YES;
				CLANG_WARN_COMMA = YES;
				CLANG_WARN_CONSTANT_CONVERSION = YES;
				CLANG_WARN_DEPRECATED_OBJC_IMPLEMENTATIONS = YES;
				CLANG_WARN_DIRECT_OBJC_ISA_USAGE = YES_ERROR;
				CLANG_WARN_DOCUMENTATION_COMMENTS = YES;
				CLANG_WARN_EMPTY_BODY = YES;
				CLANG_WARN_ENUM_CONVERSION = YES;
				CLANG_WARN_INFINITE_RECURSION = YES;
				CLANG_WARN_INT_CONVERSION = YES;
				CLANG_WARN_NON_LITERAL_NULL_CONVERSION = YES;
				CLANG_WARN_OBJC_IMPLICIT_RETAIN_SELF = YES;
				CLANG_WARN_OBJC_LITERAL_CONVERSION = YES;
				CLANG_WARN_OBJC_ROOT_CLASS = YES_ERROR;
				CLANG_WARN_QUOTED_INCLUDE_IN_FRAMEWORK_HEADER = YES;
				CLANG_WARN_RANGE_LOOP_ANALYSIS = YES;
				CLANG_WARN_STRICT_PROTOTYPES = YES;
				CLANG_WARN_SUSPICIOUS_MOVE = YES;
				CLANG_WARN_UNGUARDED_AVAILABILITY = YES_AGGRESSIVE;
				CLANG_WARN_UNREACHABLE_CODE = YES;
				CLANG_WARN__DUPLICATE_METHOD_MATCH = YES;
				CODE_SIGN_IDENTITY = "iPhone Developer";
				COPY_PHASE_STRIP = NO;
				DEBUG_INFORMATION_FORMAT = "dwarf-with-dsym";
				ENABLE_NS_ASSERTIONS = NO;
				ENABLE_STRICT_OBJC_MSGSEND = YES;
				ENABLE_USER_SCRIPT_SANDBOXING = YES;
				GCC_C_LANGUAGE_STANDARD = gnu11;
				GCC_NO_COMMON_BLOCKS = YES;
				GCC_WARN_64_TO_32_BIT_CONVERSION = YES;
				GCC_WARN_ABOUT_RETURN_TYPE = YES_ERROR;
				GCC_WARN_UNDECLARED_SELECTOR = YES;
				GCC_WARN_UNINITIALIZED_AUTOS = YES_AGGRESSIVE;
				GCC_WARN_UNUSED_FUNCTION = YES;
				GCC_WARN_UNUSED_VARIABLE = YES;
				IPHONEOS_DEPLOYMENT_TARGET = 12.0;
				MTL_ENABLE_DEBUG_INFO = NO;
				MTL_FAST_MATH = YES;
				SDKROOT = iphoneos;
				SWIFT_COMPILATION_MODE = wholemodule;
				VALIDATE_PRODUCT = YES;
			};
			name = Release;
		};
		4077EBD1218BC48400C41E68 /* Debug */ = {
			isa = XCBuildConfiguration;
			baseConfigurationReference = 02AF9A62F91F0010DBFC28A3 /* Pods-CriteoAdViewer.debug.xcconfig */;
			buildSettings = {
				ALWAYS_SEARCH_USER_PATHS = NO;
				ASSETCATALOG_COMPILER_APPICON_NAME = AppIcon;
				CLANG_ENABLE_MODULES = YES;
				CODE_SIGN_STYLE = Automatic;
				DEVELOPMENT_TEAM = HS6BDUKANM;
				FRAMEWORK_SEARCH_PATHS = (
					"$(inherited)",
					"$(PROJECT_DIR)",
					"$(PROJECT_DIR)/Frameworks",
				);
				HEADER_SEARCH_PATHS = (
					"$(inherited)",
					"\"${PODS_ROOT}/Headers/Public\"",
					"$(SRCROOT)/**",
					"$(PROJECT_DIR)/**",
				);
				INFOPLIST_FILE = Sources/Info.plist;
				LD_RUNPATH_SEARCH_PATHS = (
					"$(inherited)",
					"@executable_path/Frameworks",
				);
				PRODUCT_BUNDLE_IDENTIFIER = com.criteo.PublisherSDKTester;
				PRODUCT_NAME = "$(TARGET_NAME)";
				SWIFT_OBJC_BRIDGING_HEADER = "Sources/AdViewer-Bridging-Header.h";
				SWIFT_OPTIMIZATION_LEVEL = "-Onone";
				SWIFT_VERSION = 5.0;
				TARGETED_DEVICE_FAMILY = "1,2";
				USER_HEADER_SEARCH_PATHS = (
					"$(PROJECT_DIR)/**",
					"$(PROJECT_DIR)/Frameworks/CriteoPublisherSdk.framework/Headers",
					"$(inherited)",
					"$(PROJECT_DIR)/Frameworks",
				);
			};
			name = Debug;
		};
		4077EBD2218BC48400C41E68 /* Release */ = {
			isa = XCBuildConfiguration;
			baseConfigurationReference = 7BA369801D513722BAC4E064 /* Pods-CriteoAdViewer.release.xcconfig */;
			buildSettings = {
				ALWAYS_SEARCH_USER_PATHS = NO;
				ASSETCATALOG_COMPILER_APPICON_NAME = AppIcon;
				CLANG_ENABLE_MODULES = YES;
				CODE_SIGN_STYLE = Automatic;
				DEVELOPMENT_TEAM = HS6BDUKANM;
				FRAMEWORK_SEARCH_PATHS = (
					"$(inherited)",
					"$(PROJECT_DIR)",
					"$(PROJECT_DIR)/Frameworks",
				);
				HEADER_SEARCH_PATHS = (
					"$(inherited)",
					"\"${PODS_ROOT}/Headers/Public\"",
					"$(SRCROOT)/**",
					"$(PROJECT_DIR)/**",
				);
				INFOPLIST_FILE = Sources/Info.plist;
				LD_RUNPATH_SEARCH_PATHS = (
					"$(inherited)",
					"@executable_path/Frameworks",
				);
				PRODUCT_BUNDLE_IDENTIFIER = com.criteo.PublisherSDKTester;
				PRODUCT_NAME = "$(TARGET_NAME)";
				SWIFT_OBJC_BRIDGING_HEADER = "Sources/AdViewer-Bridging-Header.h";
				SWIFT_VERSION = 5.0;
				TARGETED_DEVICE_FAMILY = "1,2";
				USER_HEADER_SEARCH_PATHS = (
					"$(PROJECT_DIR)/**",
					"$(PROJECT_DIR)/Frameworks/CriteoPublisherSdk.framework/Headers",
					"$(inherited)",
					"$(PROJECT_DIR)/Frameworks",
				);
			};
			name = Release;
		};
		4077EBD7218BC48400C41E68 /* Debug */ = {
			isa = XCBuildConfiguration;
			buildSettings = {
				ALWAYS_EMBED_SWIFT_STANDARD_LIBRARIES = YES;
				CODE_SIGN_STYLE = Automatic;
				DEVELOPMENT_TEAM = S655EV5659;
				FRAMEWORK_SEARCH_PATHS = (
					"$(inherited)",
					"$(PROJECT_DIR)",
					"\"${PODS_ROOT}/Google-Mobile-Ads-SDK/Frameworks/frameworks\"",
				);
				INFOPLIST_FILE = UITests/Info.plist;
				LD_RUNPATH_SEARCH_PATHS = (
					"$(inherited)",
					"@executable_path/Frameworks",
					"@loader_path/Frameworks",
				);
				PRODUCT_BUNDLE_IDENTIFIER = com.criteo.AdViewerUITests;
				PRODUCT_NAME = "$(TARGET_NAME)";
				PROVISIONING_PROFILE = "";
				TARGETED_DEVICE_FAMILY = "1,2";
				TEST_TARGET_NAME = CriteoAdViewer;
			};
			name = Debug;
		};
		4077EBD8218BC48400C41E68 /* Release */ = {
			isa = XCBuildConfiguration;
			buildSettings = {
				ALWAYS_EMBED_SWIFT_STANDARD_LIBRARIES = YES;
				CODE_SIGN_STYLE = Automatic;
				DEVELOPMENT_TEAM = S655EV5659;
				FRAMEWORK_SEARCH_PATHS = (
					"$(inherited)",
					"$(PROJECT_DIR)",
					"\"${PODS_ROOT}/Google-Mobile-Ads-SDK/Frameworks/frameworks\"",
				);
				INFOPLIST_FILE = UITests/Info.plist;
				LD_RUNPATH_SEARCH_PATHS = (
					"$(inherited)",
					"@executable_path/Frameworks",
					"@loader_path/Frameworks",
				);
				PRODUCT_BUNDLE_IDENTIFIER = com.criteo.AdViewerUITests;
				PRODUCT_NAME = "$(TARGET_NAME)";
				PROVISIONING_PROFILE = "";
				TARGETED_DEVICE_FAMILY = "1,2";
				TEST_TARGET_NAME = CriteoAdViewer;
			};
			name = Release;
		};
/* End XCBuildConfiguration section */

/* Begin XCConfigurationList section */
		4077EB9F218BC48300C41E68 /* Build configuration list for PBXProject "CriteoAdViewer" */ = {
			isa = XCConfigurationList;
			buildConfigurations = (
				4077EBCE218BC48400C41E68 /* Debug */,
				4077EBCF218BC48400C41E68 /* Release */,
			);
			defaultConfigurationIsVisible = 0;
			defaultConfigurationName = Release;
		};
		4077EBD0218BC48400C41E68 /* Build configuration list for PBXNativeTarget "CriteoAdViewer" */ = {
			isa = XCConfigurationList;
			buildConfigurations = (
				4077EBD1218BC48400C41E68 /* Debug */,
				4077EBD2218BC48400C41E68 /* Release */,
			);
			defaultConfigurationIsVisible = 0;
			defaultConfigurationName = Release;
		};
		4077EBD6218BC48400C41E68 /* Build configuration list for PBXNativeTarget "CriteoAdViewerUITests" */ = {
			isa = XCConfigurationList;
			buildConfigurations = (
				4077EBD7218BC48400C41E68 /* Debug */,
				4077EBD8218BC48400C41E68 /* Release */,
			);
			defaultConfigurationIsVisible = 0;
			defaultConfigurationName = Release;
		};
/* End XCConfigurationList section */
	};
	rootObject = 4077EB9C218BC48300C41E68 /* Project object */;
}
